// !$*UTF8*$!
{
	archiveVersion = 1;
	classes = {
	};
	objectVersion = 56;
	objects = {

/* Begin PBXBuildFile section */
		78D217172CF108C50041DE81 /* PatientDetailView.swift in Sources */ = {isa = PBXBuildFile; fileRef = 78D217162CF108C50041DE81 /* PatientDetailView.swift */; };
		78D217192CF108D80041DE81 /* PatientDetailViewModel.swift in Sources */ = {isa = PBXBuildFile; fileRef = 78D217182CF108D80041DE81 /* PatientDetailViewModel.swift */; };
		D762DA9F2CDCA52A001A6927 /* art.scnassets in Resources */ = {isa = PBXBuildFile; fileRef = D762DA9E2CDCA52A001A6927 /* art.scnassets */; };
		D762DAA12CDCA52A001A6927 /* ViewController.swift in Sources */ = {isa = PBXBuildFile; fileRef = D762DAA02CDCA52A001A6927 /* ViewController.swift */; };
		D762DAA42CDCA52A001A6927 /* Main.storyboard in Resources */ = {isa = PBXBuildFile; fileRef = D762DAA22CDCA52A001A6927 /* Main.storyboard */; };
		D762DAA62CDCA52B001A6927 /* Assets.xcassets in Resources */ = {isa = PBXBuildFile; fileRef = D762DAA52CDCA52B001A6927 /* Assets.xcassets */; };
		D762DAD52CDCA57D001A6927 /* SignUpViewModel.swift in Sources */ = {isa = PBXBuildFile; fileRef = D762DAB12CDCA57D001A6927 /* SignUpViewModel.swift */; };
		D762DAD62CDCA57D001A6927 /* SignUpView.swift in Sources */ = {isa = PBXBuildFile; fileRef = D762DAB22CDCA57D001A6927 /* SignUpView.swift */; };
		D762DAD72CDCA57D001A6927 /* PatientDashboardPanelView.swift in Sources */ = {isa = PBXBuildFile; fileRef = D762DAB62CDCA57D001A6927 /* PatientDashboardPanelView.swift */; };
		D762DAD82CDCA57D001A6927 /* PatientSubscriptionView.swift in Sources */ = {isa = PBXBuildFile; fileRef = D762DAB82CDCA57D001A6927 /* PatientSubscriptionView.swift */; };
		D762DAD92CDCA57D001A6927 /* PatientSubscriptionViewModel.swift in Sources */ = {isa = PBXBuildFile; fileRef = D762DAB92CDCA57D001A6927 /* PatientSubscriptionViewModel.swift */; };
		D762DADA2CDCA57D001A6927 /* PatientDashboardView.swift in Sources */ = {isa = PBXBuildFile; fileRef = D762DABB2CDCA57D001A6927 /* PatientDashboardView.swift */; };
		D762DADB2CDCA57D001A6927 /* PatientDashboardViewModel.swift in Sources */ = {isa = PBXBuildFile; fileRef = D762DABC2CDCA57D001A6927 /* PatientDashboardViewModel.swift */; };
		D762DADC2CDCA57D001A6927 /* PatientProfilePageViewModel.swift in Sources */ = {isa = PBXBuildFile; fileRef = D762DABE2CDCA57D001A6927 /* PatientProfilePageViewModel.swift */; };
		D762DADD2CDCA57D001A6927 /* PatientProfilePageView.swift in Sources */ = {isa = PBXBuildFile; fileRef = D762DABF2CDCA57D001A6927 /* PatientProfilePageView.swift */; };
		D762DADE2CDCA57D001A6927 /* DoctorPanelView.swift in Sources */ = {isa = PBXBuildFile; fileRef = D762DAC22CDCA57D001A6927 /* DoctorPanelView.swift */; };
		D762DADF2CDCA57D001A6927 /* DoctorDashboardViewModel.swift in Sources */ = {isa = PBXBuildFile; fileRef = D762DAC42CDCA57D001A6927 /* DoctorDashboardViewModel.swift */; };
		D762DAE02CDCA57D001A6927 /* DoctorDashboardView.swift in Sources */ = {isa = PBXBuildFile; fileRef = D762DAC52CDCA57D001A6927 /* DoctorDashboardView.swift */; };
		D762DAE12CDCA57D001A6927 /* DoctorProfilePageViewModel.swift in Sources */ = {isa = PBXBuildFile; fileRef = D762DAC72CDCA57D001A6927 /* DoctorProfilePageViewModel.swift */; };
		D762DAE22CDCA57D001A6927 /* DoctorProfilePageView.swift in Sources */ = {isa = PBXBuildFile; fileRef = D762DAC82CDCA57D001A6927 /* DoctorProfilePageView.swift */; };
		D762DAE32CDCA57D001A6927 /* UploadDataView.swift in Sources */ = {isa = PBXBuildFile; fileRef = D762DACA2CDCA57D001A6927 /* UploadDataView.swift */; };
		D762DAE42CDCA57D001A6927 /* UploadDataViewModel.swift in Sources */ = {isa = PBXBuildFile; fileRef = D762DACB2CDCA57D001A6927 /* UploadDataViewModel.swift */; };
		D762DAE52CDCA57D001A6927 /* VideoCellView.swift in Sources */ = {isa = PBXBuildFile; fileRef = D762DACC2CDCA57D001A6927 /* VideoCellView.swift */; };
		D762DAE62CDCA57D001A6927 /* AppState.swift in Sources */ = {isa = PBXBuildFile; fileRef = D762DACE2CDCA57D001A6927 /* AppState.swift */; };
		D762DAE72CDCA57D001A6927 /* VideoUploader.swift in Sources */ = {isa = PBXBuildFile; fileRef = D762DACF2CDCA57D001A6927 /* VideoUploader.swift */; };
		D762DAE82CDCA57D001A6927 /* LoginViewModel.swift in Sources */ = {isa = PBXBuildFile; fileRef = D762DAD12CDCA57D001A6927 /* LoginViewModel.swift */; };
		D762DAE92CDCA57D001A6927 /* LoginView.swift in Sources */ = {isa = PBXBuildFile; fileRef = D762DAD22CDCA57D001A6927 /* LoginView.swift */; };
		D762DAEC2CDCA5CF001A6927 /* SeizureXpertApp.swift in Sources */ = {isa = PBXBuildFile; fileRef = D762DAEB2CDCA5CF001A6927 /* SeizureXpertApp.swift */; };
		D762DAEF2CDCA5D6001A6927 /* AppDelegate.swift in Sources */ = {isa = PBXBuildFile; fileRef = D762DAEE2CDCA5D6001A6927 /* AppDelegate.swift */; };
		D762DAF52CDCA5DE001A6927 /* User.swift in Sources */ = {isa = PBXBuildFile; fileRef = D762DAF12CDCA5DE001A6927 /* User.swift */; };
		D762DAF62CDCA5DE001A6927 /* Majors.swift in Sources */ = {isa = PBXBuildFile; fileRef = D762DAF22CDCA5DE001A6927 /* Majors.swift */; };
		D762DAF72CDCA5DE001A6927 /* Subscription.swift in Sources */ = {isa = PBXBuildFile; fileRef = D762DAF32CDCA5DE001A6927 /* Subscription.swift */; };
		D762DAF82CDCA5DE001A6927 /* Video.swift in Sources */ = {isa = PBXBuildFile; fileRef = D762DAF42CDCA5DE001A6927 /* Video.swift */; };
		D762DB022CDCA5E2001A6927 /* LinkText.swift in Sources */ = {isa = PBXBuildFile; fileRef = D762DAFA2CDCA5E2001A6927 /* LinkText.swift */; };
		D762DB032CDCA5E2001A6927 /* TextFieldDS.swift in Sources */ = {isa = PBXBuildFile; fileRef = D762DAFB2CDCA5E2001A6927 /* TextFieldDS.swift */; };
		D762DB042CDCA5E2001A6927 /* SecureFieldDS.swift in Sources */ = {isa = PBXBuildFile; fileRef = D762DAFC2CDCA5E2001A6927 /* SecureFieldDS.swift */; };
		D762DB052CDCA5E2001A6927 /* Spacing.swift in Sources */ = {isa = PBXBuildFile; fileRef = D762DAFD2CDCA5E2001A6927 /* Spacing.swift */; };
		D762DB062CDCA5E2001A6927 /* Radius.swift in Sources */ = {isa = PBXBuildFile; fileRef = D762DAFE2CDCA5E2001A6927 /* Radius.swift */; };
		D762DB072CDCA5E2001A6927 /* ButtonDS.swift in Sources */ = {isa = PBXBuildFile; fileRef = D762DAFF2CDCA5E2001A6927 /* ButtonDS.swift */; };
		D762DB082CDCA5E2001A6927 /* TextDS.swift in Sources */ = {isa = PBXBuildFile; fileRef = D762DB002CDCA5E2001A6927 /* TextDS.swift */; };
		D762DB092CDCA5E2001A6927 /* BackgroundDS.swift in Sources */ = {isa = PBXBuildFile; fileRef = D762DB012CDCA5E2001A6927 /* BackgroundDS.swift */; };
		D762DB0E2CDCA72F001A6927 /* FirebaseAnalytics in Frameworks */ = {isa = PBXBuildFile; productRef = D762DB0D2CDCA72F001A6927 /* FirebaseAnalytics */; };
		D762DB102CDCA72F001A6927 /* FirebaseAnalyticsOnDeviceConversion in Frameworks */ = {isa = PBXBuildFile; productRef = D762DB0F2CDCA72F001A6927 /* FirebaseAnalyticsOnDeviceConversion */; };
		D762DB122CDCA72F001A6927 /* FirebaseAnalyticsWithoutAdIdSupport in Frameworks */ = {isa = PBXBuildFile; productRef = D762DB112CDCA72F001A6927 /* FirebaseAnalyticsWithoutAdIdSupport */; };
		D762DB142CDCA72F001A6927 /* FirebaseAppCheck in Frameworks */ = {isa = PBXBuildFile; productRef = D762DB132CDCA72F001A6927 /* FirebaseAppCheck */; };
		D762DB162CDCA72F001A6927 /* FirebaseAppDistribution-Beta in Frameworks */ = {isa = PBXBuildFile; productRef = D762DB152CDCA72F001A6927 /* FirebaseAppDistribution-Beta */; };
		D762DB182CDCA8D9001A6927 /* FirebaseAnalytics in Frameworks */ = {isa = PBXBuildFile; productRef = D762DB172CDCA8D9001A6927 /* FirebaseAnalytics */; };
		D762DB1A2CDCA8D9001A6927 /* FirebaseAnalyticsOnDeviceConversion in Frameworks */ = {isa = PBXBuildFile; productRef = D762DB192CDCA8D9001A6927 /* FirebaseAnalyticsOnDeviceConversion */; };
		D762DB1C2CDCA8D9001A6927 /* FirebaseAnalyticsWithoutAdIdSupport in Frameworks */ = {isa = PBXBuildFile; productRef = D762DB1B2CDCA8D9001A6927 /* FirebaseAnalyticsWithoutAdIdSupport */; };
		D762DB1E2CDCA8D9001A6927 /* FirebaseAppCheck in Frameworks */ = {isa = PBXBuildFile; productRef = D762DB1D2CDCA8D9001A6927 /* FirebaseAppCheck */; };
		D762DB202CDCA8D9001A6927 /* FirebaseAppDistribution-Beta in Frameworks */ = {isa = PBXBuildFile; productRef = D762DB1F2CDCA8D9001A6927 /* FirebaseAppDistribution-Beta */; };
		D762DB222CDCA8D9001A6927 /* FirebaseAuth in Frameworks */ = {isa = PBXBuildFile; productRef = D762DB212CDCA8D9001A6927 /* FirebaseAuth */; };
		D762DB242CDCA8D9001A6927 /* FirebaseAuthCombine-Community in Frameworks */ = {isa = PBXBuildFile; productRef = D762DB232CDCA8D9001A6927 /* FirebaseAuthCombine-Community */; };
		D762DB262CDCA8D9001A6927 /* FirebaseCore in Frameworks */ = {isa = PBXBuildFile; productRef = D762DB252CDCA8D9001A6927 /* FirebaseCore */; };
		D762DB282CDCA8D9001A6927 /* FirebaseCrashlytics in Frameworks */ = {isa = PBXBuildFile; productRef = D762DB272CDCA8D9001A6927 /* FirebaseCrashlytics */; };
		D762DB2A2CDCA8D9001A6927 /* FirebaseDatabase in Frameworks */ = {isa = PBXBuildFile; productRef = D762DB292CDCA8D9001A6927 /* FirebaseDatabase */; };
		D762DB2C2CDCA8D9001A6927 /* FirebaseDynamicLinks in Frameworks */ = {isa = PBXBuildFile; productRef = D762DB2B2CDCA8D9001A6927 /* FirebaseDynamicLinks */; };
		D762DB2E2CDCA8D9001A6927 /* FirebaseFirestore in Frameworks */ = {isa = PBXBuildFile; productRef = D762DB2D2CDCA8D9001A6927 /* FirebaseFirestore */; };
		D762DB302CDCA8D9001A6927 /* FirebaseFirestoreCombine-Community in Frameworks */ = {isa = PBXBuildFile; productRef = D762DB2F2CDCA8D9001A6927 /* FirebaseFirestoreCombine-Community */; };
		D762DB322CDCA8D9001A6927 /* FirebaseFunctions in Frameworks */ = {isa = PBXBuildFile; productRef = D762DB312CDCA8D9001A6927 /* FirebaseFunctions */; };
		D762DB342CDCA8D9001A6927 /* FirebaseFunctionsCombine-Community in Frameworks */ = {isa = PBXBuildFile; productRef = D762DB332CDCA8D9001A6927 /* FirebaseFunctionsCombine-Community */; };
		D762DB362CDCA8D9001A6927 /* FirebaseInAppMessaging-Beta in Frameworks */ = {isa = PBXBuildFile; productRef = D762DB352CDCA8D9001A6927 /* FirebaseInAppMessaging-Beta */; };
		D762DB382CDCA8D9001A6927 /* FirebaseInstallations in Frameworks */ = {isa = PBXBuildFile; productRef = D762DB372CDCA8D9001A6927 /* FirebaseInstallations */; };
		D762DB3A2CDCA8D9001A6927 /* FirebaseMLModelDownloader in Frameworks */ = {isa = PBXBuildFile; productRef = D762DB392CDCA8D9001A6927 /* FirebaseMLModelDownloader */; };
		D762DB3C2CDCA8D9001A6927 /* FirebaseMessaging in Frameworks */ = {isa = PBXBuildFile; productRef = D762DB3B2CDCA8D9001A6927 /* FirebaseMessaging */; };
		D762DB3E2CDCA8D9001A6927 /* FirebasePerformance in Frameworks */ = {isa = PBXBuildFile; productRef = D762DB3D2CDCA8D9001A6927 /* FirebasePerformance */; };
		D762DB402CDCA8D9001A6927 /* FirebaseRemoteConfig in Frameworks */ = {isa = PBXBuildFile; productRef = D762DB3F2CDCA8D9001A6927 /* FirebaseRemoteConfig */; };
		D762DB422CDCA8D9001A6927 /* FirebaseStorage in Frameworks */ = {isa = PBXBuildFile; productRef = D762DB412CDCA8D9001A6927 /* FirebaseStorage */; };
		D762DB442CDCA8D9001A6927 /* FirebaseStorageCombine-Community in Frameworks */ = {isa = PBXBuildFile; productRef = D762DB432CDCA8D9001A6927 /* FirebaseStorageCombine-Community */; };
		D762DB462CDCA8D9001A6927 /* FirebaseVertexAI in Frameworks */ = {isa = PBXBuildFile; productRef = D762DB452CDCA8D9001A6927 /* FirebaseVertexAI */; };
		D762DB4A2CDCAC78001A6927 /* DoctorVideoView.swift in Sources */ = {isa = PBXBuildFile; fileRef = D762DB482CDCAC78001A6927 /* DoctorVideoView.swift */; };
		D762DB4B2CDCAC78001A6927 /* PatientVideoView.swift in Sources */ = {isa = PBXBuildFile; fileRef = D762DB492CDCAC78001A6927 /* PatientVideoView.swift */; };
		D7C5FECF2CDCC3FE00AA67CD /* GoogleService-Info.plist in Resources */ = {isa = PBXBuildFile; fileRef = D7C5FECE2CDCC3FE00AA67CD /* GoogleService-Info.plist */; };
/* End PBXBuildFile section */

/* Begin PBXFileReference section */
		78D217162CF108C50041DE81 /* PatientDetailView.swift */ = {isa = PBXFileReference; lastKnownFileType = sourcecode.swift; path = PatientDetailView.swift; sourceTree = "<group>"; };
		78D217182CF108D80041DE81 /* PatientDetailViewModel.swift */ = {isa = PBXFileReference; lastKnownFileType = sourcecode.swift; path = PatientDetailViewModel.swift; sourceTree = "<group>"; };
		D762DA992CDCA52A001A6927 /* SeizureXpert.app */ = {isa = PBXFileReference; explicitFileType = wrapper.application; includeInIndex = 0; path = SeizureXpert.app; sourceTree = BUILT_PRODUCTS_DIR; };
		D762DA9E2CDCA52A001A6927 /* art.scnassets */ = {isa = PBXFileReference; lastKnownFileType = wrapper.scnassets; path = art.scnassets; sourceTree = "<group>"; };
		D762DAA02CDCA52A001A6927 /* ViewController.swift */ = {isa = PBXFileReference; lastKnownFileType = sourcecode.swift; path = ViewController.swift; sourceTree = "<group>"; };
		D762DAA32CDCA52A001A6927 /* Base */ = {isa = PBXFileReference; lastKnownFileType = file.storyboard; name = Base; path = Base.lproj/Main.storyboard; sourceTree = "<group>"; };
		D762DAA52CDCA52B001A6927 /* Assets.xcassets */ = {isa = PBXFileReference; lastKnownFileType = folder.assetcatalog; path = Assets.xcassets; sourceTree = "<group>"; };
		D762DAB12CDCA57D001A6927 /* SignUpViewModel.swift */ = {isa = PBXFileReference; fileEncoding = 4; lastKnownFileType = sourcecode.swift; path = SignUpViewModel.swift; sourceTree = "<group>"; };
		D762DAB22CDCA57D001A6927 /* SignUpView.swift */ = {isa = PBXFileReference; fileEncoding = 4; lastKnownFileType = sourcecode.swift; path = SignUpView.swift; sourceTree = "<group>"; };
		D762DAB62CDCA57D001A6927 /* PatientDashboardPanelView.swift */ = {isa = PBXFileReference; fileEncoding = 4; lastKnownFileType = sourcecode.swift; path = PatientDashboardPanelView.swift; sourceTree = "<group>"; };
		D762DAB82CDCA57D001A6927 /* PatientSubscriptionView.swift */ = {isa = PBXFileReference; fileEncoding = 4; lastKnownFileType = sourcecode.swift; path = PatientSubscriptionView.swift; sourceTree = "<group>"; };
		D762DAB92CDCA57D001A6927 /* PatientSubscriptionViewModel.swift */ = {isa = PBXFileReference; fileEncoding = 4; lastKnownFileType = sourcecode.swift; path = PatientSubscriptionViewModel.swift; sourceTree = "<group>"; };
		D762DABB2CDCA57D001A6927 /* PatientDashboardView.swift */ = {isa = PBXFileReference; fileEncoding = 4; lastKnownFileType = sourcecode.swift; path = PatientDashboardView.swift; sourceTree = "<group>"; };
		D762DABC2CDCA57D001A6927 /* PatientDashboardViewModel.swift */ = {isa = PBXFileReference; fileEncoding = 4; lastKnownFileType = sourcecode.swift; path = PatientDashboardViewModel.swift; sourceTree = "<group>"; };
		D762DABE2CDCA57D001A6927 /* PatientProfilePageViewModel.swift */ = {isa = PBXFileReference; fileEncoding = 4; lastKnownFileType = sourcecode.swift; path = PatientProfilePageViewModel.swift; sourceTree = "<group>"; };
		D762DABF2CDCA57D001A6927 /* PatientProfilePageView.swift */ = {isa = PBXFileReference; fileEncoding = 4; lastKnownFileType = sourcecode.swift; path = PatientProfilePageView.swift; sourceTree = "<group>"; };
		D762DAC22CDCA57D001A6927 /* DoctorPanelView.swift */ = {isa = PBXFileReference; fileEncoding = 4; lastKnownFileType = sourcecode.swift; path = DoctorPanelView.swift; sourceTree = "<group>"; };
		D762DAC42CDCA57D001A6927 /* DoctorDashboardViewModel.swift */ = {isa = PBXFileReference; fileEncoding = 4; lastKnownFileType = sourcecode.swift; path = DoctorDashboardViewModel.swift; sourceTree = "<group>"; };
		D762DAC52CDCA57D001A6927 /* DoctorDashboardView.swift */ = {isa = PBXFileReference; fileEncoding = 4; lastKnownFileType = sourcecode.swift; path = DoctorDashboardView.swift; sourceTree = "<group>"; };
		D762DAC72CDCA57D001A6927 /* DoctorProfilePageViewModel.swift */ = {isa = PBXFileReference; fileEncoding = 4; lastKnownFileType = sourcecode.swift; path = DoctorProfilePageViewModel.swift; sourceTree = "<group>"; };
		D762DAC82CDCA57D001A6927 /* DoctorProfilePageView.swift */ = {isa = PBXFileReference; fileEncoding = 4; lastKnownFileType = sourcecode.swift; path = DoctorProfilePageView.swift; sourceTree = "<group>"; };
		D762DACA2CDCA57D001A6927 /* UploadDataView.swift */ = {isa = PBXFileReference; fileEncoding = 4; lastKnownFileType = sourcecode.swift; path = UploadDataView.swift; sourceTree = "<group>"; };
		D762DACB2CDCA57D001A6927 /* UploadDataViewModel.swift */ = {isa = PBXFileReference; fileEncoding = 4; lastKnownFileType = sourcecode.swift; path = UploadDataViewModel.swift; sourceTree = "<group>"; };
		D762DACC2CDCA57D001A6927 /* VideoCellView.swift */ = {isa = PBXFileReference; fileEncoding = 4; lastKnownFileType = sourcecode.swift; path = VideoCellView.swift; sourceTree = "<group>"; };
		D762DACE2CDCA57D001A6927 /* AppState.swift */ = {isa = PBXFileReference; fileEncoding = 4; lastKnownFileType = sourcecode.swift; path = AppState.swift; sourceTree = "<group>"; };
		D762DACF2CDCA57D001A6927 /* VideoUploader.swift */ = {isa = PBXFileReference; fileEncoding = 4; lastKnownFileType = sourcecode.swift; path = VideoUploader.swift; sourceTree = "<group>"; };
		D762DAD12CDCA57D001A6927 /* LoginViewModel.swift */ = {isa = PBXFileReference; fileEncoding = 4; lastKnownFileType = sourcecode.swift; path = LoginViewModel.swift; sourceTree = "<group>"; };
		D762DAD22CDCA57D001A6927 /* LoginView.swift */ = {isa = PBXFileReference; fileEncoding = 4; lastKnownFileType = sourcecode.swift; path = LoginView.swift; sourceTree = "<group>"; };
		D762DAEB2CDCA5CF001A6927 /* SeizureXpertApp.swift */ = {isa = PBXFileReference; fileEncoding = 4; lastKnownFileType = sourcecode.swift; path = SeizureXpertApp.swift; sourceTree = "<group>"; };
		D762DAEE2CDCA5D6001A6927 /* AppDelegate.swift */ = {isa = PBXFileReference; fileEncoding = 4; lastKnownFileType = sourcecode.swift; path = AppDelegate.swift; sourceTree = "<group>"; };
		D762DAF12CDCA5DE001A6927 /* User.swift */ = {isa = PBXFileReference; fileEncoding = 4; lastKnownFileType = sourcecode.swift; path = User.swift; sourceTree = "<group>"; };
		D762DAF22CDCA5DE001A6927 /* Majors.swift */ = {isa = PBXFileReference; fileEncoding = 4; lastKnownFileType = sourcecode.swift; path = Majors.swift; sourceTree = "<group>"; };
		D762DAF32CDCA5DE001A6927 /* Subscription.swift */ = {isa = PBXFileReference; fileEncoding = 4; lastKnownFileType = sourcecode.swift; path = Subscription.swift; sourceTree = "<group>"; };
		D762DAF42CDCA5DE001A6927 /* Video.swift */ = {isa = PBXFileReference; fileEncoding = 4; lastKnownFileType = sourcecode.swift; path = Video.swift; sourceTree = "<group>"; };
		D762DAFA2CDCA5E2001A6927 /* LinkText.swift */ = {isa = PBXFileReference; fileEncoding = 4; lastKnownFileType = sourcecode.swift; path = LinkText.swift; sourceTree = "<group>"; };
		D762DAFB2CDCA5E2001A6927 /* TextFieldDS.swift */ = {isa = PBXFileReference; fileEncoding = 4; lastKnownFileType = sourcecode.swift; path = TextFieldDS.swift; sourceTree = "<group>"; };
		D762DAFC2CDCA5E2001A6927 /* SecureFieldDS.swift */ = {isa = PBXFileReference; fileEncoding = 4; lastKnownFileType = sourcecode.swift; path = SecureFieldDS.swift; sourceTree = "<group>"; };
		D762DAFD2CDCA5E2001A6927 /* Spacing.swift */ = {isa = PBXFileReference; fileEncoding = 4; lastKnownFileType = sourcecode.swift; path = Spacing.swift; sourceTree = "<group>"; };
		D762DAFE2CDCA5E2001A6927 /* Radius.swift */ = {isa = PBXFileReference; fileEncoding = 4; lastKnownFileType = sourcecode.swift; path = Radius.swift; sourceTree = "<group>"; };
		D762DAFF2CDCA5E2001A6927 /* ButtonDS.swift */ = {isa = PBXFileReference; fileEncoding = 4; lastKnownFileType = sourcecode.swift; path = ButtonDS.swift; sourceTree = "<group>"; };
		D762DB002CDCA5E2001A6927 /* TextDS.swift */ = {isa = PBXFileReference; fileEncoding = 4; lastKnownFileType = sourcecode.swift; path = TextDS.swift; sourceTree = "<group>"; };
		D762DB012CDCA5E2001A6927 /* BackgroundDS.swift */ = {isa = PBXFileReference; fileEncoding = 4; lastKnownFileType = sourcecode.swift; path = BackgroundDS.swift; sourceTree = "<group>"; };
		D762DB482CDCAC78001A6927 /* DoctorVideoView.swift */ = {isa = PBXFileReference; fileEncoding = 4; lastKnownFileType = sourcecode.swift; path = DoctorVideoView.swift; sourceTree = "<group>"; };
		D762DB492CDCAC78001A6927 /* PatientVideoView.swift */ = {isa = PBXFileReference; fileEncoding = 4; lastKnownFileType = sourcecode.swift; path = PatientVideoView.swift; sourceTree = "<group>"; };
		D7C5FECE2CDCC3FE00AA67CD /* GoogleService-Info.plist */ = {isa = PBXFileReference; fileEncoding = 4; lastKnownFileType = text.plist.xml; path = "GoogleService-Info.plist"; sourceTree = "<group>"; };
/* End PBXFileReference section */

/* Begin PBXFrameworksBuildPhase section */
		D762DA962CDCA52A001A6927 /* Frameworks */ = {
			isa = PBXFrameworksBuildPhase;
			buildActionMask = 2147483647;
			files = (
				D762DB3C2CDCA8D9001A6927 /* FirebaseMessaging in Frameworks */,
				D762DB2A2CDCA8D9001A6927 /* FirebaseDatabase in Frameworks */,
				D762DB142CDCA72F001A6927 /* FirebaseAppCheck in Frameworks */,
				D762DB0E2CDCA72F001A6927 /* FirebaseAnalytics in Frameworks */,
				D762DB342CDCA8D9001A6927 /* FirebaseFunctionsCombine-Community in Frameworks */,
				D762DB462CDCA8D9001A6927 /* FirebaseVertexAI in Frameworks */,
				D762DB302CDCA8D9001A6927 /* FirebaseFirestoreCombine-Community in Frameworks */,
				D762DB182CDCA8D9001A6927 /* FirebaseAnalytics in Frameworks */,
				D762DB2E2CDCA8D9001A6927 /* FirebaseFirestore in Frameworks */,
				D762DB282CDCA8D9001A6927 /* FirebaseCrashlytics in Frameworks */,
				D762DB362CDCA8D9001A6927 /* FirebaseInAppMessaging-Beta in Frameworks */,
				D762DB3A2CDCA8D9001A6927 /* FirebaseMLModelDownloader in Frameworks */,
				D762DB1A2CDCA8D9001A6927 /* FirebaseAnalyticsOnDeviceConversion in Frameworks */,
				D762DB162CDCA72F001A6927 /* FirebaseAppDistribution-Beta in Frameworks */,
				D762DB382CDCA8D9001A6927 /* FirebaseInstallations in Frameworks */,
				D762DB122CDCA72F001A6927 /* FirebaseAnalyticsWithoutAdIdSupport in Frameworks */,
				D762DB322CDCA8D9001A6927 /* FirebaseFunctions in Frameworks */,
				D762DB102CDCA72F001A6927 /* FirebaseAnalyticsOnDeviceConversion in Frameworks */,
				D762DB3E2CDCA8D9001A6927 /* FirebasePerformance in Frameworks */,
				D762DB242CDCA8D9001A6927 /* FirebaseAuthCombine-Community in Frameworks */,
				D762DB262CDCA8D9001A6927 /* FirebaseCore in Frameworks */,
				D762DB422CDCA8D9001A6927 /* FirebaseStorage in Frameworks */,
				D762DB2C2CDCA8D9001A6927 /* FirebaseDynamicLinks in Frameworks */,
				D762DB442CDCA8D9001A6927 /* FirebaseStorageCombine-Community in Frameworks */,
				D762DB222CDCA8D9001A6927 /* FirebaseAuth in Frameworks */,
				D762DB202CDCA8D9001A6927 /* FirebaseAppDistribution-Beta in Frameworks */,
				D762DB402CDCA8D9001A6927 /* FirebaseRemoteConfig in Frameworks */,
				D762DB1E2CDCA8D9001A6927 /* FirebaseAppCheck in Frameworks */,
				D762DB1C2CDCA8D9001A6927 /* FirebaseAnalyticsWithoutAdIdSupport in Frameworks */,
			);
			runOnlyForDeploymentPostprocessing = 0;
		};
/* End PBXFrameworksBuildPhase section */

/* Begin PBXGroup section */
		78D217152CF104BC0041DE81 /* Patient Details */ = {
			isa = PBXGroup;
			children = (
				78D217162CF108C50041DE81 /* PatientDetailView.swift */,
				78D217182CF108D80041DE81 /* PatientDetailViewModel.swift */,
			);
			path = "Patient Details";
			sourceTree = "<group>";
		};
		D762DA902CDCA52A001A6927 = {
			isa = PBXGroup;
			children = (
				D762DA9B2CDCA52A001A6927 /* SeizureXpert */,
				D762DA9A2CDCA52A001A6927 /* Products */,
			);
			sourceTree = "<group>";
		};
		D762DA9A2CDCA52A001A6927 /* Products */ = {
			isa = PBXGroup;
			children = (
				D762DA992CDCA52A001A6927 /* SeizureXpert.app */,
			);
			name = Products;
			sourceTree = "<group>";
		};
		D762DA9B2CDCA52A001A6927 /* SeizureXpert */ = {
			isa = PBXGroup;
			children = (
				D7C5FECE2CDCC3FE00AA67CD /* GoogleService-Info.plist */,
				D762DAEA2CDCA5CF001A6927 /* Application */,
				D762DAF02CDCA5DE001A6927 /* Model */,
				D762DAED2CDCA5D6001A6927 /* Delegates */,
				D762DAAC2CDCA57D001A6927 /* Views */,
				D762DAF92CDCA5E2001A6927 /* Design System */,
				D762DA9E2CDCA52A001A6927 /* art.scnassets */,
				D762DAA02CDCA52A001A6927 /* ViewController.swift */,
				D762DAA22CDCA52A001A6927 /* Main.storyboard */,
				D762DAA52CDCA52B001A6927 /* Assets.xcassets */,
			);
			path = SeizureXpert;
			sourceTree = "<group>";
		};
		D762DAAC2CDCA57D001A6927 /* Views */ = {
			isa = PBXGroup;
			children = (
				78D217152CF104BC0041DE81 /* Patient Details */,
				D762DB472CDCAC78001A6927 /* VideoView */,
				D762DAB02CDCA57D001A6927 /* Sign Up Page */,
				D762DAD02CDCA57D001A6927 /* Login Page */,
				D762DAB32CDCA57D001A6927 /* In App Views */,
				D762DACD2CDCA57D001A6927 /* Service */,
			);
			path = Views;
			sourceTree = "<group>";
		};
		D762DAB02CDCA57D001A6927 /* Sign Up Page */ = {
			isa = PBXGroup;
			children = (
				D762DAB12CDCA57D001A6927 /* SignUpViewModel.swift */,
				D762DAB22CDCA57D001A6927 /* SignUpView.swift */,
			);
			path = "Sign Up Page";
			sourceTree = "<group>";
		};
		D762DAB32CDCA57D001A6927 /* In App Views */ = {
			isa = PBXGroup;
			children = (
				D762DAB42CDCA57D001A6927 /* Patient */,
				D762DAC02CDCA57D001A6927 /* Doctor */,
				D762DACC2CDCA57D001A6927 /* VideoCellView.swift */,
			);
			path = "In App Views";
			sourceTree = "<group>";
		};
		D762DAB42CDCA57D001A6927 /* Patient */ = {
			isa = PBXGroup;
			children = (
				D762DAB52CDCA57D001A6927 /* Panel */,
				D762DAB72CDCA57D001A6927 /* Subscription Page */,
				D762DABA2CDCA57D001A6927 /* Dashboard */,
				D762DABD2CDCA57D001A6927 /* Profile Page */,
			);
			path = Patient;
			sourceTree = "<group>";
		};
		D762DAB52CDCA57D001A6927 /* Panel */ = {
			isa = PBXGroup;
			children = (
				D762DAB62CDCA57D001A6927 /* PatientDashboardPanelView.swift */,
			);
			path = Panel;
			sourceTree = "<group>";
		};
		D762DAB72CDCA57D001A6927 /* Subscription Page */ = {
			isa = PBXGroup;
			children = (
				D762DAB82CDCA57D001A6927 /* PatientSubscriptionView.swift */,
				D762DAB92CDCA57D001A6927 /* PatientSubscriptionViewModel.swift */,
			);
			path = "Subscription Page";
			sourceTree = "<group>";
		};
		D762DABA2CDCA57D001A6927 /* Dashboard */ = {
			isa = PBXGroup;
			children = (
				D762DABB2CDCA57D001A6927 /* PatientDashboardView.swift */,
				D762DABC2CDCA57D001A6927 /* PatientDashboardViewModel.swift */,
			);
			path = Dashboard;
			sourceTree = "<group>";
		};
		D762DABD2CDCA57D001A6927 /* Profile Page */ = {
			isa = PBXGroup;
			children = (
				D762DABE2CDCA57D001A6927 /* PatientProfilePageViewModel.swift */,
				D762DABF2CDCA57D001A6927 /* PatientProfilePageView.swift */,
			);
			path = "Profile Page";
			sourceTree = "<group>";
		};
		D762DAC02CDCA57D001A6927 /* Doctor */ = {
			isa = PBXGroup;
			children = (
				D762DAC12CDCA57D001A6927 /* Panel */,
				D762DAC32CDCA57D001A6927 /* Dashboard */,
				D762DAC62CDCA57D001A6927 /* Profile Page */,
				D762DAC92CDCA57D001A6927 /* Upload Data Page */,
			);
			path = Doctor;
			sourceTree = "<group>";
		};
		D762DAC12CDCA57D001A6927 /* Panel */ = {
			isa = PBXGroup;
			children = (
				D762DAC22CDCA57D001A6927 /* DoctorPanelView.swift */,
			);
			path = Panel;
			sourceTree = "<group>";
		};
		D762DAC32CDCA57D001A6927 /* Dashboard */ = {
			isa = PBXGroup;
			children = (
				D762DAC42CDCA57D001A6927 /* DoctorDashboardViewModel.swift */,
				D762DAC52CDCA57D001A6927 /* DoctorDashboardView.swift */,
			);
			path = Dashboard;
			sourceTree = "<group>";
		};
		D762DAC62CDCA57D001A6927 /* Profile Page */ = {
			isa = PBXGroup;
			children = (
				D762DAC72CDCA57D001A6927 /* DoctorProfilePageViewModel.swift */,
				D762DAC82CDCA57D001A6927 /* DoctorProfilePageView.swift */,
			);
			path = "Profile Page";
			sourceTree = "<group>";
		};
		D762DAC92CDCA57D001A6927 /* Upload Data Page */ = {
			isa = PBXGroup;
			children = (
				D762DACA2CDCA57D001A6927 /* UploadDataView.swift */,
				D762DACB2CDCA57D001A6927 /* UploadDataViewModel.swift */,
			);
			path = "Upload Data Page";
			sourceTree = "<group>";
		};
		D762DACD2CDCA57D001A6927 /* Service */ = {
			isa = PBXGroup;
			children = (
				D762DACE2CDCA57D001A6927 /* AppState.swift */,
				D762DACF2CDCA57D001A6927 /* VideoUploader.swift */,
			);
			path = Service;
			sourceTree = "<group>";
		};
		D762DAD02CDCA57D001A6927 /* Login Page */ = {
			isa = PBXGroup;
			children = (
				D762DAD12CDCA57D001A6927 /* LoginViewModel.swift */,
				D762DAD22CDCA57D001A6927 /* LoginView.swift */,
			);
			path = "Login Page";
			sourceTree = "<group>";
		};
		D762DAEA2CDCA5CF001A6927 /* Application */ = {
			isa = PBXGroup;
			children = (
				D762DAEB2CDCA5CF001A6927 /* SeizureXpertApp.swift */,
			);
			path = Application;
			sourceTree = "<group>";
		};
		D762DAED2CDCA5D6001A6927 /* Delegates */ = {
			isa = PBXGroup;
			children = (
				D762DAEE2CDCA5D6001A6927 /* AppDelegate.swift */,
			);
			path = Delegates;
			sourceTree = "<group>";
		};
		D762DAF02CDCA5DE001A6927 /* Model */ = {
			isa = PBXGroup;
			children = (
				D762DAF12CDCA5DE001A6927 /* User.swift */,
				D762DAF22CDCA5DE001A6927 /* Majors.swift */,
				D762DAF32CDCA5DE001A6927 /* Subscription.swift */,
				D762DAF42CDCA5DE001A6927 /* Video.swift */,
			);
			path = Model;
			sourceTree = "<group>";
		};
		D762DAF92CDCA5E2001A6927 /* Design System */ = {
			isa = PBXGroup;
			children = (
				D762DAFA2CDCA5E2001A6927 /* LinkText.swift */,
				D762DAFB2CDCA5E2001A6927 /* TextFieldDS.swift */,
				D762DAFC2CDCA5E2001A6927 /* SecureFieldDS.swift */,
				D762DAFD2CDCA5E2001A6927 /* Spacing.swift */,
				D762DAFE2CDCA5E2001A6927 /* Radius.swift */,
				D762DAFF2CDCA5E2001A6927 /* ButtonDS.swift */,
				D762DB002CDCA5E2001A6927 /* TextDS.swift */,
				D762DB012CDCA5E2001A6927 /* BackgroundDS.swift */,
			);
			path = "Design System";
			sourceTree = "<group>";
		};
		D762DB472CDCAC78001A6927 /* VideoView */ = {
			isa = PBXGroup;
			children = (
				D762DB482CDCAC78001A6927 /* DoctorVideoView.swift */,
				D762DB492CDCAC78001A6927 /* PatientVideoView.swift */,
			);
			path = VideoView;
			sourceTree = "<group>";
		};
/* End PBXGroup section */

/* Begin PBXNativeTarget section */
		D762DA982CDCA52A001A6927 /* SeizureXpert */ = {
			isa = PBXNativeTarget;
			buildConfigurationList = D762DAA92CDCA52B001A6927 /* Build configuration list for PBXNativeTarget "SeizureXpert" */;
			buildPhases = (
				D762DA952CDCA52A001A6927 /* Sources */,
				D762DA962CDCA52A001A6927 /* Frameworks */,
				D762DA972CDCA52A001A6927 /* Resources */,
			);
			buildRules = (
			);
			dependencies = (
			);
			name = SeizureXpert;
			packageProductDependencies = (
				D762DB0D2CDCA72F001A6927 /* FirebaseAnalytics */,
				D762DB0F2CDCA72F001A6927 /* FirebaseAnalyticsOnDeviceConversion */,
				D762DB112CDCA72F001A6927 /* FirebaseAnalyticsWithoutAdIdSupport */,
				D762DB132CDCA72F001A6927 /* FirebaseAppCheck */,
				D762DB152CDCA72F001A6927 /* FirebaseAppDistribution-Beta */,
				D762DB172CDCA8D9001A6927 /* FirebaseAnalytics */,
				D762DB192CDCA8D9001A6927 /* FirebaseAnalyticsOnDeviceConversion */,
				D762DB1B2CDCA8D9001A6927 /* FirebaseAnalyticsWithoutAdIdSupport */,
				D762DB1D2CDCA8D9001A6927 /* FirebaseAppCheck */,
				D762DB1F2CDCA8D9001A6927 /* FirebaseAppDistribution-Beta */,
				D762DB212CDCA8D9001A6927 /* FirebaseAuth */,
				D762DB232CDCA8D9001A6927 /* FirebaseAuthCombine-Community */,
				D762DB252CDCA8D9001A6927 /* FirebaseCore */,
				D762DB272CDCA8D9001A6927 /* FirebaseCrashlytics */,
				D762DB292CDCA8D9001A6927 /* FirebaseDatabase */,
				D762DB2B2CDCA8D9001A6927 /* FirebaseDynamicLinks */,
				D762DB2D2CDCA8D9001A6927 /* FirebaseFirestore */,
				D762DB2F2CDCA8D9001A6927 /* FirebaseFirestoreCombine-Community */,
				D762DB312CDCA8D9001A6927 /* FirebaseFunctions */,
				D762DB332CDCA8D9001A6927 /* FirebaseFunctionsCombine-Community */,
				D762DB352CDCA8D9001A6927 /* FirebaseInAppMessaging-Beta */,
				D762DB372CDCA8D9001A6927 /* FirebaseInstallations */,
				D762DB392CDCA8D9001A6927 /* FirebaseMLModelDownloader */,
				D762DB3B2CDCA8D9001A6927 /* FirebaseMessaging */,
				D762DB3D2CDCA8D9001A6927 /* FirebasePerformance */,
				D762DB3F2CDCA8D9001A6927 /* FirebaseRemoteConfig */,
				D762DB412CDCA8D9001A6927 /* FirebaseStorage */,
				D762DB432CDCA8D9001A6927 /* FirebaseStorageCombine-Community */,
				D762DB452CDCA8D9001A6927 /* FirebaseVertexAI */,
			);
			productName = SeizureXpert;
			productReference = D762DA992CDCA52A001A6927 /* SeizureXpert.app */;
			productType = "com.apple.product-type.application";
		};
/* End PBXNativeTarget section */

/* Begin PBXProject section */
		D762DA912CDCA52A001A6927 /* Project object */ = {
			isa = PBXProject;
			attributes = {
				BuildIndependentTargetsInParallel = 1;
				LastSwiftUpdateCheck = 1500;
				LastUpgradeCheck = 1500;
				TargetAttributes = {
					D762DA982CDCA52A001A6927 = {
						CreatedOnToolsVersion = 15.0;
					};
				};
			};
			buildConfigurationList = D762DA942CDCA52A001A6927 /* Build configuration list for PBXProject "SeizureXpert" */;
			compatibilityVersion = "Xcode 14.0";
			developmentRegion = en;
			hasScannedForEncodings = 0;
			knownRegions = (
				en,
				Base,
			);
			mainGroup = D762DA902CDCA52A001A6927;
			packageReferences = (
				D762DB0C2CDCA72F001A6927 /* XCRemoteSwiftPackageReference "firebase-ios-sdk" */,
			);
			productRefGroup = D762DA9A2CDCA52A001A6927 /* Products */;
			projectDirPath = "";
			projectRoot = "";
			targets = (
				D762DA982CDCA52A001A6927 /* SeizureXpert */,
			);
		};
/* End PBXProject section */

/* Begin PBXResourcesBuildPhase section */
		D762DA972CDCA52A001A6927 /* Resources */ = {
			isa = PBXResourcesBuildPhase;
			buildActionMask = 2147483647;
			files = (
				D762DA9F2CDCA52A001A6927 /* art.scnassets in Resources */,
				D7C5FECF2CDCC3FE00AA67CD /* GoogleService-Info.plist in Resources */,
				D762DAA62CDCA52B001A6927 /* Assets.xcassets in Resources */,
				D762DAA42CDCA52A001A6927 /* Main.storyboard in Resources */,
			);
			runOnlyForDeploymentPostprocessing = 0;
		};
/* End PBXResourcesBuildPhase section */

/* Begin PBXSourcesBuildPhase section */
		D762DA952CDCA52A001A6927 /* Sources */ = {
			isa = PBXSourcesBuildPhase;
			buildActionMask = 2147483647;
			files = (
				D762DAF62CDCA5DE001A6927 /* Majors.swift in Sources */,
				D762DAF52CDCA5DE001A6927 /* User.swift in Sources */,
				D762DAD92CDCA57D001A6927 /* PatientSubscriptionViewModel.swift in Sources */,
				D762DB092CDCA5E2001A6927 /* BackgroundDS.swift in Sources */,
				D762DADE2CDCA57D001A6927 /* DoctorPanelView.swift in Sources */,
				D762DADF2CDCA57D001A6927 /* DoctorDashboardViewModel.swift in Sources */,
				D762DAE42CDCA57D001A6927 /* UploadDataViewModel.swift in Sources */,
				D762DAE72CDCA57D001A6927 /* VideoUploader.swift in Sources */,
				D762DB4B2CDCAC78001A6927 /* PatientVideoView.swift in Sources */,
				D762DB082CDCA5E2001A6927 /* TextDS.swift in Sources */,
				D762DAA12CDCA52A001A6927 /* ViewController.swift in Sources */,
				D762DAD52CDCA57D001A6927 /* SignUpViewModel.swift in Sources */,
				D762DADD2CDCA57D001A6927 /* PatientProfilePageView.swift in Sources */,
				D762DAE22CDCA57D001A6927 /* DoctorProfilePageView.swift in Sources */,
				D762DADB2CDCA57D001A6927 /* PatientDashboardViewModel.swift in Sources */,
				D762DB022CDCA5E2001A6927 /* LinkText.swift in Sources */,
				D762DAD62CDCA57D001A6927 /* SignUpView.swift in Sources */,
				D762DAE92CDCA57D001A6927 /* LoginView.swift in Sources */,
				D762DADC2CDCA57D001A6927 /* PatientProfilePageViewModel.swift in Sources */,
				78D217192CF108D80041DE81 /* PatientDetailViewModel.swift in Sources */,
				D762DB042CDCA5E2001A6927 /* SecureFieldDS.swift in Sources */,
				78D217172CF108C50041DE81 /* PatientDetailView.swift in Sources */,
				D762DAEF2CDCA5D6001A6927 /* AppDelegate.swift in Sources */,
				D762DAD72CDCA57D001A6927 /* PatientDashboardPanelView.swift in Sources */,
				D762DAE52CDCA57D001A6927 /* VideoCellView.swift in Sources */,
				D762DAF72CDCA5DE001A6927 /* Subscription.swift in Sources */,
				D762DADA2CDCA57D001A6927 /* PatientDashboardView.swift in Sources */,
				D762DB072CDCA5E2001A6927 /* ButtonDS.swift in Sources */,
				D762DAE12CDCA57D001A6927 /* DoctorProfilePageViewModel.swift in Sources */,
				D762DB052CDCA5E2001A6927 /* Spacing.swift in Sources */,
				D762DAEC2CDCA5CF001A6927 /* SeizureXpertApp.swift in Sources */,
				D762DB032CDCA5E2001A6927 /* TextFieldDS.swift in Sources */,
				D762DB4A2CDCAC78001A6927 /* DoctorVideoView.swift in Sources */,
				D762DAE62CDCA57D001A6927 /* AppState.swift in Sources */,
				D762DAE82CDCA57D001A6927 /* LoginViewModel.swift in Sources */,
				D762DAF82CDCA5DE001A6927 /* Video.swift in Sources */,
				D762DAD82CDCA57D001A6927 /* PatientSubscriptionView.swift in Sources */,
				D762DB062CDCA5E2001A6927 /* Radius.swift in Sources */,
				D762DAE02CDCA57D001A6927 /* DoctorDashboardView.swift in Sources */,
				D762DAE32CDCA57D001A6927 /* UploadDataView.swift in Sources */,
			);
			runOnlyForDeploymentPostprocessing = 0;
		};
/* End PBXSourcesBuildPhase section */

/* Begin PBXVariantGroup section */
		D762DAA22CDCA52A001A6927 /* Main.storyboard */ = {
			isa = PBXVariantGroup;
			children = (
				D762DAA32CDCA52A001A6927 /* Base */,
			);
			name = Main.storyboard;
			sourceTree = "<group>";
		};
/* End PBXVariantGroup section */

/* Begin XCBuildConfiguration section */
		D762DAA72CDCA52B001A6927 /* Debug */ = {
			isa = XCBuildConfiguration;
			buildSettings = {
				ALWAYS_SEARCH_USER_PATHS = NO;
				ASSETCATALOG_COMPILER_GENERATE_SWIFT_ASSET_SYMBOL_EXTENSIONS = YES;
				CLANG_ANALYZER_NONNULL = YES;
				CLANG_ANALYZER_NUMBER_OBJECT_CONVERSION = YES_AGGRESSIVE;
				CLANG_CXX_LANGUAGE_STANDARD = "gnu++20";
				CLANG_ENABLE_MODULES = YES;
				CLANG_ENABLE_OBJC_ARC = YES;
				CLANG_ENABLE_OBJC_WEAK = YES;
				CLANG_WARN_BLOCK_CAPTURE_AUTORELEASING = YES;
				CLANG_WARN_BOOL_CONVERSION = YES;
				CLANG_WARN_COMMA = YES;
				CLANG_WARN_CONSTANT_CONVERSION = YES;
				CLANG_WARN_DEPRECATED_OBJC_IMPLEMENTATIONS = YES;
				CLANG_WARN_DIRECT_OBJC_ISA_USAGE = YES_ERROR;
				CLANG_WARN_DOCUMENTATION_COMMENTS = YES;
				CLANG_WARN_EMPTY_BODY = YES;
				CLANG_WARN_ENUM_CONVERSION = YES;
				CLANG_WARN_INFINITE_RECURSION = YES;
				CLANG_WARN_INT_CONVERSION = YES;
				CLANG_WARN_NON_LITERAL_NULL_CONVERSION = YES;
				CLANG_WARN_OBJC_IMPLICIT_RETAIN_SELF = YES;
				CLANG_WARN_OBJC_LITERAL_CONVERSION = YES;
				CLANG_WARN_OBJC_ROOT_CLASS = YES_ERROR;
				CLANG_WARN_QUOTED_INCLUDE_IN_FRAMEWORK_HEADER = YES;
				CLANG_WARN_RANGE_LOOP_ANALYSIS = YES;
				CLANG_WARN_STRICT_PROTOTYPES = YES;
				CLANG_WARN_SUSPICIOUS_MOVE = YES;
				CLANG_WARN_UNGUARDED_AVAILABILITY = YES_AGGRESSIVE;
				CLANG_WARN_UNREACHABLE_CODE = YES;
				CLANG_WARN__DUPLICATE_METHOD_MATCH = YES;
				COPY_PHASE_STRIP = NO;
				DEBUG_INFORMATION_FORMAT = dwarf;
				ENABLE_STRICT_OBJC_MSGSEND = YES;
				ENABLE_TESTABILITY = YES;
				ENABLE_USER_SCRIPT_SANDBOXING = YES;
				GCC_C_LANGUAGE_STANDARD = gnu17;
				GCC_DYNAMIC_NO_PIC = NO;
				GCC_NO_COMMON_BLOCKS = YES;
				GCC_OPTIMIZATION_LEVEL = 0;
				GCC_PREPROCESSOR_DEFINITIONS = (
					"DEBUG=1",
					"$(inherited)",
				);
				GCC_WARN_64_TO_32_BIT_CONVERSION = YES;
				GCC_WARN_ABOUT_RETURN_TYPE = YES_ERROR;
				GCC_WARN_UNDECLARED_SELECTOR = YES;
				GCC_WARN_UNINITIALIZED_AUTOS = YES_AGGRESSIVE;
				GCC_WARN_UNUSED_FUNCTION = YES;
				GCC_WARN_UNUSED_VARIABLE = YES;
				IPHONEOS_DEPLOYMENT_TARGET = 17.0;
				LOCALIZATION_PREFERS_STRING_CATALOGS = YES;
				MTL_ENABLE_DEBUG_INFO = INCLUDE_SOURCE;
				MTL_FAST_MATH = YES;
				ONLY_ACTIVE_ARCH = YES;
				SDKROOT = iphoneos;
				SWIFT_ACTIVE_COMPILATION_CONDITIONS = "DEBUG $(inherited)";
				SWIFT_OPTIMIZATION_LEVEL = "-Onone";
			};
			name = Debug;
		};
		D762DAA82CDCA52B001A6927 /* Release */ = {
			isa = XCBuildConfiguration;
			buildSettings = {
				ALWAYS_SEARCH_USER_PATHS = NO;
				ASSETCATALOG_COMPILER_GENERATE_SWIFT_ASSET_SYMBOL_EXTENSIONS = YES;
				CLANG_ANALYZER_NONNULL = YES;
				CLANG_ANALYZER_NUMBER_OBJECT_CONVERSION = YES_AGGRESSIVE;
				CLANG_CXX_LANGUAGE_STANDARD = "gnu++20";
				CLANG_ENABLE_MODULES = YES;
				CLANG_ENABLE_OBJC_ARC = YES;
				CLANG_ENABLE_OBJC_WEAK = YES;
				CLANG_WARN_BLOCK_CAPTURE_AUTORELEASING = YES;
				CLANG_WARN_BOOL_CONVERSION = YES;
				CLANG_WARN_COMMA = YES;
				CLANG_WARN_CONSTANT_CONVERSION = YES;
				CLANG_WARN_DEPRECATED_OBJC_IMPLEMENTATIONS = YES;
				CLANG_WARN_DIRECT_OBJC_ISA_USAGE = YES_ERROR;
				CLANG_WARN_DOCUMENTATION_COMMENTS = YES;
				CLANG_WARN_EMPTY_BODY = YES;
				CLANG_WARN_ENUM_CONVERSION = YES;
				CLANG_WARN_INFINITE_RECURSION = YES;
				CLANG_WARN_INT_CONVERSION = YES;
				CLANG_WARN_NON_LITERAL_NULL_CONVERSION = YES;
				CLANG_WARN_OBJC_IMPLICIT_RETAIN_SELF = YES;
				CLANG_WARN_OBJC_LITERAL_CONVERSION = YES;
				CLANG_WARN_OBJC_ROOT_CLASS = YES_ERROR;
				CLANG_WARN_QUOTED_INCLUDE_IN_FRAMEWORK_HEADER = YES;
				CLANG_WARN_RANGE_LOOP_ANALYSIS = YES;
				CLANG_WARN_STRICT_PROTOTYPES = YES;
				CLANG_WARN_SUSPICIOUS_MOVE = YES;
				CLANG_WARN_UNGUARDED_AVAILABILITY = YES_AGGRESSIVE;
				CLANG_WARN_UNREACHABLE_CODE = YES;
				CLANG_WARN__DUPLICATE_METHOD_MATCH = YES;
				COPY_PHASE_STRIP = NO;
				DEBUG_INFORMATION_FORMAT = "dwarf-with-dsym";
				ENABLE_NS_ASSERTIONS = NO;
				ENABLE_STRICT_OBJC_MSGSEND = YES;
				ENABLE_USER_SCRIPT_SANDBOXING = YES;
				GCC_C_LANGUAGE_STANDARD = gnu17;
				GCC_NO_COMMON_BLOCKS = YES;
				GCC_WARN_64_TO_32_BIT_CONVERSION = YES;
				GCC_WARN_ABOUT_RETURN_TYPE = YES_ERROR;
				GCC_WARN_UNDECLARED_SELECTOR = YES;
				GCC_WARN_UNINITIALIZED_AUTOS = YES_AGGRESSIVE;
				GCC_WARN_UNUSED_FUNCTION = YES;
				GCC_WARN_UNUSED_VARIABLE = YES;
				IPHONEOS_DEPLOYMENT_TARGET = 17.0;
				LOCALIZATION_PREFERS_STRING_CATALOGS = YES;
				MTL_ENABLE_DEBUG_INFO = NO;
				MTL_FAST_MATH = YES;
				SDKROOT = iphoneos;
				SWIFT_COMPILATION_MODE = wholemodule;
				VALIDATE_PRODUCT = YES;
			};
			name = Release;
		};
		D762DAAA2CDCA52B001A6927 /* Debug */ = {
			isa = XCBuildConfiguration;
			buildSettings = {
				ASSETCATALOG_COMPILER_APPICON_NAME = AppIcon;
				ASSETCATALOG_COMPILER_GLOBAL_ACCENT_COLOR_NAME = AccentColor;
				CODE_SIGN_STYLE = Automatic;
				CURRENT_PROJECT_VERSION = 1;
				DEVELOPMENT_TEAM = 3YL59MWSRT;
				GENERATE_INFOPLIST_FILE = YES;
				INFOPLIST_KEY_NSCameraUsageDescription = "";
				INFOPLIST_KEY_UIApplicationSupportsIndirectInputEvents = YES;
				INFOPLIST_KEY_UIMainStoryboardFile = Main;
				INFOPLIST_KEY_UIRequiredDeviceCapabilities = arkit;
				INFOPLIST_KEY_UIStatusBarHidden = YES;
				INFOPLIST_KEY_UISupportedInterfaceOrientations_iPad = "UIInterfaceOrientationPortrait UIInterfaceOrientationPortraitUpsideDown UIInterfaceOrientationLandscapeLeft UIInterfaceOrientationLandscapeRight";
				INFOPLIST_KEY_UISupportedInterfaceOrientations_iPhone = "UIInterfaceOrientationPortrait UIInterfaceOrientationLandscapeLeft UIInterfaceOrientationLandscapeRight";
				LD_RUNPATH_SEARCH_PATHS = (
					"$(inherited)",
					"@executable_path/Frameworks",
				);
				MARKETING_VERSION = 1.0;
				PRODUCT_BUNDLE_IDENTIFIER = com.eegsolutions.SeizureXpert;
				PRODUCT_NAME = "$(TARGET_NAME)";
				SWIFT_EMIT_LOC_STRINGS = YES;
				SWIFT_VERSION = 5.0;
				TARGETED_DEVICE_FAMILY = "1,2";
			};
			name = Debug;
		};
		D762DAAB2CDCA52B001A6927 /* Release */ = {
			isa = XCBuildConfiguration;
			buildSettings = {
				ASSETCATALOG_COMPILER_APPICON_NAME = AppIcon;
				ASSETCATALOG_COMPILER_GLOBAL_ACCENT_COLOR_NAME = AccentColor;
				CODE_SIGN_STYLE = Automatic;
				CURRENT_PROJECT_VERSION = 1;
				DEVELOPMENT_TEAM = 3YL59MWSRT;
				GENERATE_INFOPLIST_FILE = YES;
				INFOPLIST_KEY_NSCameraUsageDescription = "";
				INFOPLIST_KEY_UIApplicationSupportsIndirectInputEvents = YES;
				INFOPLIST_KEY_UIMainStoryboardFile = Main;
				INFOPLIST_KEY_UIRequiredDeviceCapabilities = arkit;
				INFOPLIST_KEY_UIStatusBarHidden = YES;
				INFOPLIST_KEY_UISupportedInterfaceOrientations_iPad = "UIInterfaceOrientationPortrait UIInterfaceOrientationPortraitUpsideDown UIInterfaceOrientationLandscapeLeft UIInterfaceOrientationLandscapeRight";
				INFOPLIST_KEY_UISupportedInterfaceOrientations_iPhone = "UIInterfaceOrientationPortrait UIInterfaceOrientationLandscapeLeft UIInterfaceOrientationLandscapeRight";
				LD_RUNPATH_SEARCH_PATHS = (
					"$(inherited)",
					"@executable_path/Frameworks",
				);
				MARKETING_VERSION = 1.0;
				PRODUCT_BUNDLE_IDENTIFIER = com.eegsolutions.SeizureXpert;
				PRODUCT_NAME = "$(TARGET_NAME)";
				SWIFT_EMIT_LOC_STRINGS = YES;
				SWIFT_VERSION = 5.0;
				TARGETED_DEVICE_FAMILY = "1,2";
			};
			name = Release;
		};
/* End XCBuildConfiguration section */

/* Begin XCConfigurationList section */
		D762DA942CDCA52A001A6927 /* Build configuration list for PBXProject "SeizureXpert" */ = {
			isa = XCConfigurationList;
			buildConfigurations = (
				D762DAA72CDCA52B001A6927 /* Debug */,
				D762DAA82CDCA52B001A6927 /* Release */,
			);
			defaultConfigurationIsVisible = 0;
			defaultConfigurationName = Release;
		};
		D762DAA92CDCA52B001A6927 /* Build configuration list for PBXNativeTarget "SeizureXpert" */ = {
			isa = XCConfigurationList;
			buildConfigurations = (
				D762DAAA2CDCA52B001A6927 /* Debug */,
				D762DAAB2CDCA52B001A6927 /* Release */,
			);
			defaultConfigurationIsVisible = 0;
			defaultConfigurationName = Release;
		};
/* End XCConfigurationList section */

/* Begin XCRemoteSwiftPackageReference section */
		D762DB0C2CDCA72F001A6927 /* XCRemoteSwiftPackageReference "firebase-ios-sdk" */ = {
			isa = XCRemoteSwiftPackageReference;
			repositoryURL = "https://github.com/firebase/firebase-ios-sdk";
			requirement = {
				kind = upToNextMajorVersion;
				minimumVersion = 11.4.0;
			};
		};
/* End XCRemoteSwiftPackageReference section */

/* Begin XCSwiftPackageProductDependency section */
		D762DB0D2CDCA72F001A6927 /* FirebaseAnalytics */ = {
			isa = XCSwiftPackageProductDependency;
			package = D762DB0C2CDCA72F001A6927 /* XCRemoteSwiftPackageReference "firebase-ios-sdk" */;
			productName = FirebaseAnalytics;
		};
		D762DB0F2CDCA72F001A6927 /* FirebaseAnalyticsOnDeviceConversion */ = {
			isa = XCSwiftPackageProductDependency;
			package = D762DB0C2CDCA72F001A6927 /* XCRemoteSwiftPackageReference "firebase-ios-sdk" */;
			productName = FirebaseAnalyticsOnDeviceConversion;
		};
		D762DB112CDCA72F001A6927 /* FirebaseAnalyticsWithoutAdIdSupport */ = {
			isa = XCSwiftPackageProductDependency;
			package = D762DB0C2CDCA72F001A6927 /* XCRemoteSwiftPackageReference "firebase-ios-sdk" */;
			productName = FirebaseAnalyticsWithoutAdIdSupport;
		};
		D762DB132CDCA72F001A6927 /* FirebaseAppCheck */ = {
			isa = XCSwiftPackageProductDependency;
			package = D762DB0C2CDCA72F001A6927 /* XCRemoteSwiftPackageReference "firebase-ios-sdk" */;
			productName = FirebaseAppCheck;
		};
		D762DB152CDCA72F001A6927 /* FirebaseAppDistribution-Beta */ = {
			isa = XCSwiftPackageProductDependency;
			package = D762DB0C2CDCA72F001A6927 /* XCRemoteSwiftPackageReference "firebase-ios-sdk" */;
			productName = "FirebaseAppDistribution-Beta";
		};
		D762DB172CDCA8D9001A6927 /* FirebaseAnalytics */ = {
			isa = XCSwiftPackageProductDependency;
			package = D762DB0C2CDCA72F001A6927 /* XCRemoteSwiftPackageReference "firebase-ios-sdk" */;
			productName = FirebaseAnalytics;
		};
		D762DB192CDCA8D9001A6927 /* FirebaseAnalyticsOnDeviceConversion */ = {
			isa = XCSwiftPackageProductDependency;
			package = D762DB0C2CDCA72F001A6927 /* XCRemoteSwiftPackageReference "firebase-ios-sdk" */;
			productName = FirebaseAnalyticsOnDeviceConversion;
		};
		D762DB1B2CDCA8D9001A6927 /* FirebaseAnalyticsWithoutAdIdSupport */ = {
			isa = XCSwiftPackageProductDependency;
			package = D762DB0C2CDCA72F001A6927 /* XCRemoteSwiftPackageReference "firebase-ios-sdk" */;
			productName = FirebaseAnalyticsWithoutAdIdSupport;
		};
		D762DB1D2CDCA8D9001A6927 /* FirebaseAppCheck */ = {
			isa = XCSwiftPackageProductDependency;
			package = D762DB0C2CDCA72F001A6927 /* XCRemoteSwiftPackageReference "firebase-ios-sdk" */;
			productName = FirebaseAppCheck;
		};
		D762DB1F2CDCA8D9001A6927 /* FirebaseAppDistribution-Beta */ = {
			isa = XCSwiftPackageProductDependency;
			package = D762DB0C2CDCA72F001A6927 /* XCRemoteSwiftPackageReference "firebase-ios-sdk" */;
			productName = "FirebaseAppDistribution-Beta";
		};
		D762DB212CDCA8D9001A6927 /* FirebaseAuth */ = {
			isa = XCSwiftPackageProductDependency;
			package = D762DB0C2CDCA72F001A6927 /* XCRemoteSwiftPackageReference "firebase-ios-sdk" */;
			productName = FirebaseAuth;
		};
		D762DB232CDCA8D9001A6927 /* FirebaseAuthCombine-Community */ = {
			isa = XCSwiftPackageProductDependency;
			package = D762DB0C2CDCA72F001A6927 /* XCRemoteSwiftPackageReference "firebase-ios-sdk" */;
			productName = "FirebaseAuthCombine-Community";
		};
		D762DB252CDCA8D9001A6927 /* FirebaseCore */ = {
			isa = XCSwiftPackageProductDependency;
			package = D762DB0C2CDCA72F001A6927 /* XCRemoteSwiftPackageReference "firebase-ios-sdk" */;
			productName = FirebaseCore;
		};
		D762DB272CDCA8D9001A6927 /* FirebaseCrashlytics */ = {
			isa = XCSwiftPackageProductDependency;
			package = D762DB0C2CDCA72F001A6927 /* XCRemoteSwiftPackageReference "firebase-ios-sdk" */;
			productName = FirebaseCrashlytics;
		};
		D762DB292CDCA8D9001A6927 /* FirebaseDatabase */ = {
			isa = XCSwiftPackageProductDependency;
			package = D762DB0C2CDCA72F001A6927 /* XCRemoteSwiftPackageReference "firebase-ios-sdk" */;
			productName = FirebaseDatabase;
		};
		D762DB2B2CDCA8D9001A6927 /* FirebaseDynamicLinks */ = {
			isa = XCSwiftPackageProductDependency;
			package = D762DB0C2CDCA72F001A6927 /* XCRemoteSwiftPackageReference "firebase-ios-sdk" */;
			productName = FirebaseDynamicLinks;
		};
		D762DB2D2CDCA8D9001A6927 /* FirebaseFirestore */ = {
			isa = XCSwiftPackageProductDependency;
			package = D762DB0C2CDCA72F001A6927 /* XCRemoteSwiftPackageReference "firebase-ios-sdk" */;
			productName = FirebaseFirestore;
		};
		D762DB2F2CDCA8D9001A6927 /* FirebaseFirestoreCombine-Community */ = {
			isa = XCSwiftPackageProductDependency;
			package = D762DB0C2CDCA72F001A6927 /* XCRemoteSwiftPackageReference "firebase-ios-sdk" */;
			productName = "FirebaseFirestoreCombine-Community";
		};
		D762DB312CDCA8D9001A6927 /* FirebaseFunctions */ = {
			isa = XCSwiftPackageProductDependency;
			package = D762DB0C2CDCA72F001A6927 /* XCRemoteSwiftPackageReference "firebase-ios-sdk" */;
			productName = FirebaseFunctions;
		};
		D762DB332CDCA8D9001A6927 /* FirebaseFunctionsCombine-Community */ = {
			isa = XCSwiftPackageProductDependency;
			package = D762DB0C2CDCA72F001A6927 /* XCRemoteSwiftPackageReference "firebase-ios-sdk" */;
			productName = "FirebaseFunctionsCombine-Community";
		};
		D762DB352CDCA8D9001A6927 /* FirebaseInAppMessaging-Beta */ = {
			isa = XCSwiftPackageProductDependency;
			package = D762DB0C2CDCA72F001A6927 /* XCRemoteSwiftPackageReference "firebase-ios-sdk" */;
			productName = "FirebaseInAppMessaging-Beta";
		};
		D762DB372CDCA8D9001A6927 /* FirebaseInstallations */ = {
			isa = XCSwiftPackageProductDependency;
			package = D762DB0C2CDCA72F001A6927 /* XCRemoteSwiftPackageReference "firebase-ios-sdk" */;
			productName = FirebaseInstallations;
		};
		D762DB392CDCA8D9001A6927 /* FirebaseMLModelDownloader */ = {
			isa = XCSwiftPackageProductDependency;
			package = D762DB0C2CDCA72F001A6927 /* XCRemoteSwiftPackageReference "firebase-ios-sdk" */;
			productName = FirebaseMLModelDownloader;
		};
		D762DB3B2CDCA8D9001A6927 /* FirebaseMessaging */ = {
			isa = XCSwiftPackageProductDependency;
			package = D762DB0C2CDCA72F001A6927 /* XCRemoteSwiftPackageReference "firebase-ios-sdk" */;
			productName = FirebaseMessaging;
		};
		D762DB3D2CDCA8D9001A6927 /* FirebasePerformance */ = {
			isa = XCSwiftPackageProductDependency;
			package = D762DB0C2CDCA72F001A6927 /* XCRemoteSwiftPackageReference "firebase-ios-sdk" */;
			productName = FirebasePerformance;
		};
		D762DB3F2CDCA8D9001A6927 /* FirebaseRemoteConfig */ = {
			isa = XCSwiftPackageProductDependency;
			package = D762DB0C2CDCA72F001A6927 /* XCRemoteSwiftPackageReference "firebase-ios-sdk" */;
			productName = FirebaseRemoteConfig;
		};
		D762DB412CDCA8D9001A6927 /* FirebaseStorage */ = {
			isa = XCSwiftPackageProductDependency;
			package = D762DB0C2CDCA72F001A6927 /* XCRemoteSwiftPackageReference "firebase-ios-sdk" */;
			productName = FirebaseStorage;
		};
		D762DB432CDCA8D9001A6927 /* FirebaseStorageCombine-Community */ = {
			isa = XCSwiftPackageProductDependency;
			package = D762DB0C2CDCA72F001A6927 /* XCRemoteSwiftPackageReference "firebase-ios-sdk" */;
			productName = "FirebaseStorageCombine-Community";
		};
		D762DB452CDCA8D9001A6927 /* FirebaseVertexAI */ = {
			isa = XCSwiftPackageProductDependency;
			package = D762DB0C2CDCA72F001A6927 /* XCRemoteSwiftPackageReference "firebase-ios-sdk" */;
			productName = FirebaseVertexAI;
		};
/* End XCSwiftPackageProductDependency section */
	};
	rootObject = D762DA912CDCA52A001A6927 /* Project object */;
}
