// !$*UTF8*$!
{
	archiveVersion = 1;
	classes = {
	};
	objectVersion = 60;
	objects = {

/* Begin PBXBuildFile section */
		D71CDCE72CFF1D7400DDDFF7 /* GoogleService-Info.plist in Resources */ = {isa = PBXBuildFile; fileRef = D71CDCE62CFF1D7400DDDFF7 /* GoogleService-Info.plist */; };
		D71D636B2CEF1E71008C00C2 /* DisableAutofillTextField.swift in Sources */ = {isa = PBXBuildFile; fileRef = D71D636A2CEF1E71008C00C2 /* DisableAutofillTextField.swift */; };
		D72A20162CFC9ABA00017B7F /* Radius.swift in Sources */ = {isa = PBXBuildFile; fileRef = D72A20082CFC9AB900017B7F /* Radius.swift */; };
		D72A20172CFC9ABA00017B7F /* ButtonDS.swift in Sources */ = {isa = PBXBuildFile; fileRef = D72A20092CFC9AB900017B7F /* ButtonDS.swift */; };
		D72A201A2CFC9ABA00017B7F /* TextFieldDS.swift in Sources */ = {isa = PBXBuildFile; fileRef = D72A200C2CFC9AB900017B7F /* TextFieldDS.swift */; };
		D72A201B2CFC9ABA00017B7F /* LinkText.swift in Sources */ = {isa = PBXBuildFile; fileRef = D72A200D2CFC9AB900017B7F /* LinkText.swift */; };
		D72A201C2CFC9ABA00017B7F /* TextDS.swift in Sources */ = {isa = PBXBuildFile; fileRef = D72A200E2CFC9AB900017B7F /* TextDS.swift */; };
		D72A201D2CFC9ABA00017B7F /* Colors.xcassets in Resources */ = {isa = PBXBuildFile; fileRef = D72A200F2CFC9AB900017B7F /* Colors.xcassets */; };
		D72A201E2CFC9ABA00017B7F /* Spacing.swift in Sources */ = {isa = PBXBuildFile; fileRef = D72A20102CFC9AB900017B7F /* Spacing.swift */; };
		D72A20212CFC9ABA00017B7F /* SecureFieldDS.swift in Sources */ = {isa = PBXBuildFile; fileRef = D72A20132CFC9ABA00017B7F /* SecureFieldDS.swift */; };
		D72A20222CFC9ABA00017B7F /* BackgroundDS.swift in Sources */ = {isa = PBXBuildFile; fileRef = D72A20142CFC9ABA00017B7F /* BackgroundDS.swift */; };
		D751E35B2D00544700F179C6 /* ProfileView.swift in Sources */ = {isa = PBXBuildFile; fileRef = D751E35A2D00544700F179C6 /* ProfileView.swift */; };
		D751E35E2D0058AE00F179C6 /* AssignPatientView.swift in Sources */ = {isa = PBXBuildFile; fileRef = D751E35D2D0058AE00F179C6 /* AssignPatientView.swift */; };
		D751E3602D0058BA00F179C6 /* AssignPatientViewModel.swift in Sources */ = {isa = PBXBuildFile; fileRef = D751E35F2D0058BA00F179C6 /* AssignPatientViewModel.swift */; };
		D75F376B2D005D4D0038C742 /* ImagePicker.swift in Sources */ = {isa = PBXBuildFile; fileRef = D75F376A2D005D4D0038C742 /* ImagePicker.swift */; };
		D75F376F2D007C1C0038C742 /* FirebaseAnalytics in Frameworks */ = {isa = PBXBuildFile; productRef = D75F376E2D007C1C0038C742 /* FirebaseAnalytics */; };
		D75F37712D007C1C0038C742 /* FirebaseAnalyticsOnDeviceConversion in Frameworks */ = {isa = PBXBuildFile; productRef = D75F37702D007C1C0038C742 /* FirebaseAnalyticsOnDeviceConversion */; };
		D75F37732D007C1C0038C742 /* FirebaseAnalyticsWithoutAdIdSupport in Frameworks */ = {isa = PBXBuildFile; productRef = D75F37722D007C1C0038C742 /* FirebaseAnalyticsWithoutAdIdSupport */; };
		D75F37752D007C1C0038C742 /* FirebaseAppCheck in Frameworks */ = {isa = PBXBuildFile; productRef = D75F37742D007C1C0038C742 /* FirebaseAppCheck */; };
		D75F37772D007C1C0038C742 /* FirebaseAppDistribution-Beta in Frameworks */ = {isa = PBXBuildFile; productRef = D75F37762D007C1C0038C742 /* FirebaseAppDistribution-Beta */; };
		D762DA9F2CDCA52A001A6927 /* art.scnassets in Resources */ = {isa = PBXBuildFile; fileRef = D762DA9E2CDCA52A001A6927 /* art.scnassets */; };
		D762DAA12CDCA52A001A6927 /* ViewController.swift in Sources */ = {isa = PBXBuildFile; fileRef = D762DAA02CDCA52A001A6927 /* ViewController.swift */; };
		D762DAA42CDCA52A001A6927 /* Main.storyboard in Resources */ = {isa = PBXBuildFile; fileRef = D762DAA22CDCA52A001A6927 /* Main.storyboard */; };
		D762DAA62CDCA52B001A6927 /* Assets.xcassets in Resources */ = {isa = PBXBuildFile; fileRef = D762DAA52CDCA52B001A6927 /* Assets.xcassets */; };
		D762DAD52CDCA57D001A6927 /* SignUpViewModel.swift in Sources */ = {isa = PBXBuildFile; fileRef = D762DAB12CDCA57D001A6927 /* SignUpViewModel.swift */; };
		D762DAD62CDCA57D001A6927 /* SignUpView.swift in Sources */ = {isa = PBXBuildFile; fileRef = D762DAB22CDCA57D001A6927 /* SignUpView.swift */; };
		D762DAE62CDCA57D001A6927 /* AppState.swift in Sources */ = {isa = PBXBuildFile; fileRef = D762DACE2CDCA57D001A6927 /* AppState.swift */; };
		D762DAE72CDCA57D001A6927 /* VideoUploader.swift in Sources */ = {isa = PBXBuildFile; fileRef = D762DACF2CDCA57D001A6927 /* VideoUploader.swift */; };
		D762DAE82CDCA57D001A6927 /* LoginViewModel.swift in Sources */ = {isa = PBXBuildFile; fileRef = D762DAD12CDCA57D001A6927 /* LoginViewModel.swift */; };
		D762DAE92CDCA57D001A6927 /* LoginView.swift in Sources */ = {isa = PBXBuildFile; fileRef = D762DAD22CDCA57D001A6927 /* LoginView.swift */; };
		D762DAEC2CDCA5CF001A6927 /* SeizureXpertApp.swift in Sources */ = {isa = PBXBuildFile; fileRef = D762DAEB2CDCA5CF001A6927 /* SeizureXpertApp.swift */; };
		D762DAEF2CDCA5D6001A6927 /* AppDelegate.swift in Sources */ = {isa = PBXBuildFile; fileRef = D762DAEE2CDCA5D6001A6927 /* AppDelegate.swift */; };
		D762DAF52CDCA5DE001A6927 /* User.swift in Sources */ = {isa = PBXBuildFile; fileRef = D762DAF12CDCA5DE001A6927 /* User.swift */; };
		D762DAF62CDCA5DE001A6927 /* Majors.swift in Sources */ = {isa = PBXBuildFile; fileRef = D762DAF22CDCA5DE001A6927 /* Majors.swift */; };
		D762DAF72CDCA5DE001A6927 /* Subscription.swift in Sources */ = {isa = PBXBuildFile; fileRef = D762DAF32CDCA5DE001A6927 /* Subscription.swift */; };
		D762DAF82CDCA5DE001A6927 /* Video.swift in Sources */ = {isa = PBXBuildFile; fileRef = D762DAF42CDCA5DE001A6927 /* Video.swift */; };
		D762DB0E2CDCA72F001A6927 /* FirebaseAnalytics in Frameworks */ = {isa = PBXBuildFile; productRef = D762DB0D2CDCA72F001A6927 /* FirebaseAnalytics */; };
		D762DB102CDCA72F001A6927 /* FirebaseAnalyticsOnDeviceConversion in Frameworks */ = {isa = PBXBuildFile; productRef = D762DB0F2CDCA72F001A6927 /* FirebaseAnalyticsOnDeviceConversion */; };
		D762DB122CDCA72F001A6927 /* FirebaseAnalyticsWithoutAdIdSupport in Frameworks */ = {isa = PBXBuildFile; productRef = D762DB112CDCA72F001A6927 /* FirebaseAnalyticsWithoutAdIdSupport */; };
		D762DB142CDCA72F001A6927 /* FirebaseAppCheck in Frameworks */ = {isa = PBXBuildFile; productRef = D762DB132CDCA72F001A6927 /* FirebaseAppCheck */; };
		D762DB162CDCA72F001A6927 /* FirebaseAppDistribution-Beta in Frameworks */ = {isa = PBXBuildFile; productRef = D762DB152CDCA72F001A6927 /* FirebaseAppDistribution-Beta */; };
		D762DB182CDCA8D9001A6927 /* FirebaseAnalytics in Frameworks */ = {isa = PBXBuildFile; productRef = D762DB172CDCA8D9001A6927 /* FirebaseAnalytics */; };
		D762DB1A2CDCA8D9001A6927 /* FirebaseAnalyticsOnDeviceConversion in Frameworks */ = {isa = PBXBuildFile; productRef = D762DB192CDCA8D9001A6927 /* FirebaseAnalyticsOnDeviceConversion */; };
		D762DB1C2CDCA8D9001A6927 /* FirebaseAnalyticsWithoutAdIdSupport in Frameworks */ = {isa = PBXBuildFile; productRef = D762DB1B2CDCA8D9001A6927 /* FirebaseAnalyticsWithoutAdIdSupport */; };
		D762DB1E2CDCA8D9001A6927 /* FirebaseAppCheck in Frameworks */ = {isa = PBXBuildFile; productRef = D762DB1D2CDCA8D9001A6927 /* FirebaseAppCheck */; };
		D762DB202CDCA8D9001A6927 /* FirebaseAppDistribution-Beta in Frameworks */ = {isa = PBXBuildFile; productRef = D762DB1F2CDCA8D9001A6927 /* FirebaseAppDistribution-Beta */; };
		D762DB222CDCA8D9001A6927 /* FirebaseAuth in Frameworks */ = {isa = PBXBuildFile; productRef = D762DB212CDCA8D9001A6927 /* FirebaseAuth */; };
		D762DB242CDCA8D9001A6927 /* FirebaseAuthCombine-Community in Frameworks */ = {isa = PBXBuildFile; productRef = D762DB232CDCA8D9001A6927 /* FirebaseAuthCombine-Community */; };
		D762DB262CDCA8D9001A6927 /* FirebaseCore in Frameworks */ = {isa = PBXBuildFile; productRef = D762DB252CDCA8D9001A6927 /* FirebaseCore */; };
		D762DB282CDCA8D9001A6927 /* FirebaseCrashlytics in Frameworks */ = {isa = PBXBuildFile; productRef = D762DB272CDCA8D9001A6927 /* FirebaseCrashlytics */; };
		D762DB2A2CDCA8D9001A6927 /* FirebaseDatabase in Frameworks */ = {isa = PBXBuildFile; productRef = D762DB292CDCA8D9001A6927 /* FirebaseDatabase */; };
		D762DB2C2CDCA8D9001A6927 /* FirebaseDynamicLinks in Frameworks */ = {isa = PBXBuildFile; productRef = D762DB2B2CDCA8D9001A6927 /* FirebaseDynamicLinks */; };
		D762DB2E2CDCA8D9001A6927 /* FirebaseFirestore in Frameworks */ = {isa = PBXBuildFile; productRef = D762DB2D2CDCA8D9001A6927 /* FirebaseFirestore */; };
		D762DB302CDCA8D9001A6927 /* FirebaseFirestoreCombine-Community in Frameworks */ = {isa = PBXBuildFile; productRef = D762DB2F2CDCA8D9001A6927 /* FirebaseFirestoreCombine-Community */; };
		D762DB322CDCA8D9001A6927 /* FirebaseFunctions in Frameworks */ = {isa = PBXBuildFile; productRef = D762DB312CDCA8D9001A6927 /* FirebaseFunctions */; };
		D762DB342CDCA8D9001A6927 /* FirebaseFunctionsCombine-Community in Frameworks */ = {isa = PBXBuildFile; productRef = D762DB332CDCA8D9001A6927 /* FirebaseFunctionsCombine-Community */; };
		D762DB362CDCA8D9001A6927 /* FirebaseInAppMessaging-Beta in Frameworks */ = {isa = PBXBuildFile; productRef = D762DB352CDCA8D9001A6927 /* FirebaseInAppMessaging-Beta */; };
		D762DB382CDCA8D9001A6927 /* FirebaseInstallations in Frameworks */ = {isa = PBXBuildFile; productRef = D762DB372CDCA8D9001A6927 /* FirebaseInstallations */; };
		D762DB3A2CDCA8D9001A6927 /* FirebaseMLModelDownloader in Frameworks */ = {isa = PBXBuildFile; productRef = D762DB392CDCA8D9001A6927 /* FirebaseMLModelDownloader */; };
		D762DB3C2CDCA8D9001A6927 /* FirebaseMessaging in Frameworks */ = {isa = PBXBuildFile; productRef = D762DB3B2CDCA8D9001A6927 /* FirebaseMessaging */; };
		D762DB3E2CDCA8D9001A6927 /* FirebasePerformance in Frameworks */ = {isa = PBXBuildFile; productRef = D762DB3D2CDCA8D9001A6927 /* FirebasePerformance */; };
		D762DB402CDCA8D9001A6927 /* FirebaseRemoteConfig in Frameworks */ = {isa = PBXBuildFile; productRef = D762DB3F2CDCA8D9001A6927 /* FirebaseRemoteConfig */; };
		D762DB422CDCA8D9001A6927 /* FirebaseStorage in Frameworks */ = {isa = PBXBuildFile; productRef = D762DB412CDCA8D9001A6927 /* FirebaseStorage */; };
		D762DB442CDCA8D9001A6927 /* FirebaseStorageCombine-Community in Frameworks */ = {isa = PBXBuildFile; productRef = D762DB432CDCA8D9001A6927 /* FirebaseStorageCombine-Community */; };
		D762DB462CDCA8D9001A6927 /* FirebaseVertexAI in Frameworks */ = {isa = PBXBuildFile; productRef = D762DB452CDCA8D9001A6927 /* FirebaseVertexAI */; };
		D786DE132D12F4C600E71396 /* PatientDetailViewModel.swift in Sources */ = {isa = PBXBuildFile; fileRef = D786DE122D12F4C600E71396 /* PatientDetailViewModel.swift */; };
		D786DE152D12F4CB00E71396 /* PatientDetailView.swift in Sources */ = {isa = PBXBuildFile; fileRef = D786DE142D12F4CB00E71396 /* PatientDetailView.swift */; };
		D793A0642CFC7941002A8665 /* PlaceholderTextField.swift in Sources */ = {isa = PBXBuildFile; fileRef = D793A0632CFC7941002A8665 /* PlaceholderTextField.swift */; };
		D793A0662CFC7AB5002A8665 /* DesignSystem.swift in Sources */ = {isa = PBXBuildFile; fileRef = D793A0652CFC7AB5002A8665 /* DesignSystem.swift */; };
		D793A0682CFC7B4F002A8665 /* InputField.swift in Sources */ = {isa = PBXBuildFile; fileRef = D793A0672CFC7B4F002A8665 /* InputField.swift */; };
		D793A06A2CFC7B76002A8665 /* SecureInputField.swift in Sources */ = {isa = PBXBuildFile; fileRef = D793A0692CFC7B76002A8665 /* SecureInputField.swift */; };
		D793A06C2CFC7B94002A8665 /* SocialLoginButton.swift in Sources */ = {isa = PBXBuildFile; fileRef = D793A06B2CFC7B94002A8665 /* SocialLoginButton.swift */; };
		D7A2A3312D1361580056CC3B /* UploadEEGDataView.swift in Sources */ = {isa = PBXBuildFile; fileRef = D7A2A3302D1361580056CC3B /* UploadEEGDataView.swift */; };
		D7A2A3332D13616B0056CC3B /* UploadEEGDataViewModel.swift in Sources */ = {isa = PBXBuildFile; fileRef = D7A2A3322D13616B0056CC3B /* UploadEEGDataViewModel.swift */; };
		D7A2A3352D1364B10056CC3B /* DocumentPickerView.swift in Sources */ = {isa = PBXBuildFile; fileRef = D7A2A3342D1364B10056CC3B /* DocumentPickerView.swift */; };
		D7A5895E2CFCB60E00F63A7A /* Components.swift in Sources */ = {isa = PBXBuildFile; fileRef = D7A5895D2CFCB60E00F63A7A /* Components.swift */; };
		D7A589602CFCB78200F63A7A /* MySamplePatientsView.swift in Sources */ = {isa = PBXBuildFile; fileRef = D7A5895F2CFCB78200F63A7A /* MySamplePatientsView.swift */; };
		D7B145622D134CB400F48834 /* ServerConfig.swift in Sources */ = {isa = PBXBuildFile; fileRef = D7B145612D134CB400F48834 /* ServerConfig.swift */; };
		D7B145642D13575400F48834 /* ProfileImageView.swift in Sources */ = {isa = PBXBuildFile; fileRef = D7B145632D13575400F48834 /* ProfileImageView.swift */; };
		D7B73CD62CFE7651006FAAC8 /* FirestoreUtility.swift in Sources */ = {isa = PBXBuildFile; fileRef = D7B73CD52CFE7651006FAAC8 /* FirestoreUtility.swift */; };
		D7BA90812CFE5A3900229618 /* AppFlowView.swift in Sources */ = {isa = PBXBuildFile; fileRef = D7BA90802CFE5A3900229618 /* AppFlowView.swift */; };
		D7BA90842CFE608E00229618 /* AddPatientView.swift in Sources */ = {isa = PBXBuildFile; fileRef = D7BA90832CFE608E00229618 /* AddPatientView.swift */; };
		D7BA90862CFE60AB00229618 /* AddPatientViewModel.swift in Sources */ = {isa = PBXBuildFile; fileRef = D7BA90852CFE60AB00229618 /* AddPatientViewModel.swift */; };
		D7BF5BAC2CFCB34300300ADC /* HomeScreenView.swift in Sources */ = {isa = PBXBuildFile; fileRef = D7BF5BAA2CFCB34300300ADC /* HomeScreenView.swift */; };
		D7BF5BAD2CFCB34300300ADC /* HomeScreenViewModel.swift in Sources */ = {isa = PBXBuildFile; fileRef = D7BF5BAB2CFCB34300300ADC /* HomeScreenViewModel.swift */; };
		D7BF5BB02CFCB37000300ADC /* SettingsView.swift in Sources */ = {isa = PBXBuildFile; fileRef = D7BF5BAF2CFCB37000300ADC /* SettingsView.swift */; };
		D7BF5BB42CFCB38C00300ADC /* MySamplePatientsViewModel.swift in Sources */ = {isa = PBXBuildFile; fileRef = D7BF5BB22CFCB38C00300ADC /* MySamplePatientsViewModel.swift */; };
		D7BF5BB82CFCB39D00300ADC /* SamplePatient.swift in Sources */ = {isa = PBXBuildFile; fileRef = D7BF5BB62CFCB39C00300ADC /* SamplePatient.swift */; };
		D7BF5BB92CFCB39D00300ADC /* PatientData.swift in Sources */ = {isa = PBXBuildFile; fileRef = D7BF5BB72CFCB39D00300ADC /* PatientData.swift */; };
		D7BF5BBB2CFCB3A500300ADC /* AnalysisCellView.swift in Sources */ = {isa = PBXBuildFile; fileRef = D7BF5BBA2CFCB3A500300ADC /* AnalysisCellView.swift */; };
		D7BF5BBF2CFCB3BA00300ADC /* AllPatientsView.swift in Sources */ = {isa = PBXBuildFile; fileRef = D7BF5BBD2CFCB3BA00300ADC /* AllPatientsView.swift */; };
		D7BF5BC02CFCB3BA00300ADC /* AllPatientsViewModel.swift in Sources */ = {isa = PBXBuildFile; fileRef = D7BF5BBE2CFCB3BA00300ADC /* AllPatientsViewModel.swift */; };
		D7BF5BC22CFCB3E700300ADC /* DoctorProfileView.swift in Sources */ = {isa = PBXBuildFile; fileRef = D7BF5BC12CFCB3E700300ADC /* DoctorProfileView.swift */; };
		D7BF5BC52CFCB3FA00300ADC /* NotificationsView.swift in Sources */ = {isa = PBXBuildFile; fileRef = D7BF5BC42CFCB3FA00300ADC /* NotificationsView.swift */; };
		D7BF5BCA2CFCB45D00300ADC /* VisualizationView.swift in Sources */ = {isa = PBXBuildFile; fileRef = D7BF5BC92CFCB45D00300ADC /* VisualizationView.swift */; };
		D7BF5BCC2CFCB46A00300ADC /* SplashScreenView.swift in Sources */ = {isa = PBXBuildFile; fileRef = D7BF5BCB2CFCB46A00300ADC /* SplashScreenView.swift */; };
		D7BF5BCE2CFCB4AB00300ADC /* Fonts.swift in Sources */ = {isa = PBXBuildFile; fileRef = D7BF5BCD2CFCB4AB00300ADC /* Fonts.swift */; };
		D7BF5BD02CFCB4B200300ADC /* Colors.swift in Sources */ = {isa = PBXBuildFile; fileRef = D7BF5BCF2CFCB4B200300ADC /* Colors.swift */; };
		D7BF5BD22CFCB4BD00300ADC /* Dimensions.swift in Sources */ = {isa = PBXBuildFile; fileRef = D7BF5BD12CFCB4BD00300ADC /* Dimensions.swift */; };
/* End PBXBuildFile section */

/* Begin PBXFileReference section */
		D71CDCE62CFF1D7400DDDFF7 /* GoogleService-Info.plist */ = {isa = PBXFileReference; fileEncoding = 4; lastKnownFileType = text.plist.xml; path = "GoogleService-Info.plist"; sourceTree = "<group>"; };
		D71D636A2CEF1E71008C00C2 /* DisableAutofillTextField.swift */ = {isa = PBXFileReference; lastKnownFileType = sourcecode.swift; path = DisableAutofillTextField.swift; sourceTree = "<group>"; };
		D72A1FE62CFC98B500017B7F /* mul */ = {isa = PBXFileReference; lastKnownFileType = text.json.xcstrings; name = mul; path = mul.lproj/Main.xcstrings; sourceTree = "<group>"; };
		D72A20082CFC9AB900017B7F /* Radius.swift */ = {isa = PBXFileReference; fileEncoding = 4; lastKnownFileType = sourcecode.swift; path = Radius.swift; sourceTree = "<group>"; };
		D72A20092CFC9AB900017B7F /* ButtonDS.swift */ = {isa = PBXFileReference; fileEncoding = 4; lastKnownFileType = sourcecode.swift; path = ButtonDS.swift; sourceTree = "<group>"; };
		D72A200C2CFC9AB900017B7F /* TextFieldDS.swift */ = {isa = PBXFileReference; fileEncoding = 4; lastKnownFileType = sourcecode.swift; path = TextFieldDS.swift; sourceTree = "<group>"; };
		D72A200D2CFC9AB900017B7F /* LinkText.swift */ = {isa = PBXFileReference; fileEncoding = 4; lastKnownFileType = sourcecode.swift; path = LinkText.swift; sourceTree = "<group>"; };
		D72A200E2CFC9AB900017B7F /* TextDS.swift */ = {isa = PBXFileReference; fileEncoding = 4; lastKnownFileType = sourcecode.swift; path = TextDS.swift; sourceTree = "<group>"; };
		D72A200F2CFC9AB900017B7F /* Colors.xcassets */ = {isa = PBXFileReference; lastKnownFileType = folder.assetcatalog; path = Colors.xcassets; sourceTree = "<group>"; };
		D72A20102CFC9AB900017B7F /* Spacing.swift */ = {isa = PBXFileReference; fileEncoding = 4; lastKnownFileType = sourcecode.swift; path = Spacing.swift; sourceTree = "<group>"; };
		D72A20132CFC9ABA00017B7F /* SecureFieldDS.swift */ = {isa = PBXFileReference; fileEncoding = 4; lastKnownFileType = sourcecode.swift; path = SecureFieldDS.swift; sourceTree = "<group>"; };
		D72A20142CFC9ABA00017B7F /* BackgroundDS.swift */ = {isa = PBXFileReference; fileEncoding = 4; lastKnownFileType = sourcecode.swift; path = BackgroundDS.swift; sourceTree = "<group>"; };
		D751E35A2D00544700F179C6 /* ProfileView.swift */ = {isa = PBXFileReference; fileEncoding = 4; lastKnownFileType = sourcecode.swift; path = ProfileView.swift; sourceTree = "<group>"; };
		D751E35D2D0058AE00F179C6 /* AssignPatientView.swift */ = {isa = PBXFileReference; lastKnownFileType = sourcecode.swift; path = AssignPatientView.swift; sourceTree = "<group>"; };
		D751E35F2D0058BA00F179C6 /* AssignPatientViewModel.swift */ = {isa = PBXFileReference; lastKnownFileType = sourcecode.swift; path = AssignPatientViewModel.swift; sourceTree = "<group>"; };
		D75F376A2D005D4D0038C742 /* ImagePicker.swift */ = {isa = PBXFileReference; lastKnownFileType = sourcecode.swift; path = ImagePicker.swift; sourceTree = "<group>"; };
		D762DA992CDCA52A001A6927 /* SeizureXpert.app */ = {isa = PBXFileReference; explicitFileType = wrapper.application; includeInIndex = 0; path = SeizureXpert.app; sourceTree = BUILT_PRODUCTS_DIR; };
		D762DA9E2CDCA52A001A6927 /* art.scnassets */ = {isa = PBXFileReference; lastKnownFileType = wrapper.scnassets; path = art.scnassets; sourceTree = "<group>"; };
		D762DAA02CDCA52A001A6927 /* ViewController.swift */ = {isa = PBXFileReference; lastKnownFileType = sourcecode.swift; path = ViewController.swift; sourceTree = "<group>"; };
		D762DAA32CDCA52A001A6927 /* Base */ = {isa = PBXFileReference; lastKnownFileType = file.storyboard; name = Base; path = Base.lproj/Main.storyboard; sourceTree = "<group>"; };
		D762DAA52CDCA52B001A6927 /* Assets.xcassets */ = {isa = PBXFileReference; lastKnownFileType = folder.assetcatalog; path = Assets.xcassets; sourceTree = "<group>"; };
		D762DAB12CDCA57D001A6927 /* SignUpViewModel.swift */ = {isa = PBXFileReference; fileEncoding = 4; lastKnownFileType = sourcecode.swift; path = SignUpViewModel.swift; sourceTree = "<group>"; };
		D762DAB22CDCA57D001A6927 /* SignUpView.swift */ = {isa = PBXFileReference; fileEncoding = 4; lastKnownFileType = sourcecode.swift; path = SignUpView.swift; sourceTree = "<group>"; };
		D762DACE2CDCA57D001A6927 /* AppState.swift */ = {isa = PBXFileReference; fileEncoding = 4; lastKnownFileType = sourcecode.swift; path = AppState.swift; sourceTree = "<group>"; };
		D762DACF2CDCA57D001A6927 /* VideoUploader.swift */ = {isa = PBXFileReference; fileEncoding = 4; lastKnownFileType = sourcecode.swift; path = VideoUploader.swift; sourceTree = "<group>"; };
		D762DAD12CDCA57D001A6927 /* LoginViewModel.swift */ = {isa = PBXFileReference; fileEncoding = 4; lastKnownFileType = sourcecode.swift; path = LoginViewModel.swift; sourceTree = "<group>"; };
		D762DAD22CDCA57D001A6927 /* LoginView.swift */ = {isa = PBXFileReference; fileEncoding = 4; lastKnownFileType = sourcecode.swift; path = LoginView.swift; sourceTree = "<group>"; };
		D762DAEB2CDCA5CF001A6927 /* SeizureXpertApp.swift */ = {isa = PBXFileReference; fileEncoding = 4; lastKnownFileType = sourcecode.swift; path = SeizureXpertApp.swift; sourceTree = "<group>"; };
		D762DAEE2CDCA5D6001A6927 /* AppDelegate.swift */ = {isa = PBXFileReference; fileEncoding = 4; lastKnownFileType = sourcecode.swift; path = AppDelegate.swift; sourceTree = "<group>"; };
		D762DAF12CDCA5DE001A6927 /* User.swift */ = {isa = PBXFileReference; fileEncoding = 4; lastKnownFileType = sourcecode.swift; path = User.swift; sourceTree = "<group>"; };
		D762DAF22CDCA5DE001A6927 /* Majors.swift */ = {isa = PBXFileReference; fileEncoding = 4; lastKnownFileType = sourcecode.swift; path = Majors.swift; sourceTree = "<group>"; };
		D762DAF32CDCA5DE001A6927 /* Subscription.swift */ = {isa = PBXFileReference; fileEncoding = 4; lastKnownFileType = sourcecode.swift; path = Subscription.swift; sourceTree = "<group>"; };
		D762DAF42CDCA5DE001A6927 /* Video.swift */ = {isa = PBXFileReference; fileEncoding = 4; lastKnownFileType = sourcecode.swift; path = Video.swift; sourceTree = "<group>"; };
		D786DE122D12F4C600E71396 /* PatientDetailViewModel.swift */ = {isa = PBXFileReference; fileEncoding = 4; lastKnownFileType = sourcecode.swift; path = PatientDetailViewModel.swift; sourceTree = "<group>"; };
		D786DE142D12F4CB00E71396 /* PatientDetailView.swift */ = {isa = PBXFileReference; fileEncoding = 4; lastKnownFileType = sourcecode.swift; path = PatientDetailView.swift; sourceTree = "<group>"; };
		D793A0632CFC7941002A8665 /* PlaceholderTextField.swift */ = {isa = PBXFileReference; lastKnownFileType = sourcecode.swift; path = PlaceholderTextField.swift; sourceTree = "<group>"; };
		D793A0652CFC7AB5002A8665 /* DesignSystem.swift */ = {isa = PBXFileReference; lastKnownFileType = sourcecode.swift; path = DesignSystem.swift; sourceTree = "<group>"; };
		D793A0672CFC7B4F002A8665 /* InputField.swift */ = {isa = PBXFileReference; lastKnownFileType = sourcecode.swift; path = InputField.swift; sourceTree = "<group>"; };
		D793A0692CFC7B76002A8665 /* SecureInputField.swift */ = {isa = PBXFileReference; lastKnownFileType = sourcecode.swift; path = SecureInputField.swift; sourceTree = "<group>"; };
		D793A06B2CFC7B94002A8665 /* SocialLoginButton.swift */ = {isa = PBXFileReference; lastKnownFileType = sourcecode.swift; path = SocialLoginButton.swift; sourceTree = "<group>"; };
		D7A2A3302D1361580056CC3B /* UploadEEGDataView.swift */ = {isa = PBXFileReference; lastKnownFileType = sourcecode.swift; path = UploadEEGDataView.swift; sourceTree = "<group>"; };
		D7A2A3322D13616B0056CC3B /* UploadEEGDataViewModel.swift */ = {isa = PBXFileReference; lastKnownFileType = sourcecode.swift; path = UploadEEGDataViewModel.swift; sourceTree = "<group>"; };
		D7A2A3342D1364B10056CC3B /* DocumentPickerView.swift */ = {isa = PBXFileReference; lastKnownFileType = sourcecode.swift; path = DocumentPickerView.swift; sourceTree = "<group>"; };
		D7A5895D2CFCB60E00F63A7A /* Components.swift */ = {isa = PBXFileReference; fileEncoding = 4; lastKnownFileType = sourcecode.swift; path = Components.swift; sourceTree = "<group>"; };
		D7A5895F2CFCB78200F63A7A /* MySamplePatientsView.swift */ = {isa = PBXFileReference; fileEncoding = 4; lastKnownFileType = sourcecode.swift; path = MySamplePatientsView.swift; sourceTree = "<group>"; };
		D7B145612D134CB400F48834 /* ServerConfig.swift */ = {isa = PBXFileReference; lastKnownFileType = sourcecode.swift; path = ServerConfig.swift; sourceTree = "<group>"; };
		D7B145632D13575400F48834 /* ProfileImageView.swift */ = {isa = PBXFileReference; lastKnownFileType = sourcecode.swift; path = ProfileImageView.swift; sourceTree = "<group>"; };
		D7B73CD52CFE7651006FAAC8 /* FirestoreUtility.swift */ = {isa = PBXFileReference; lastKnownFileType = sourcecode.swift; path = FirestoreUtility.swift; sourceTree = "<group>"; };
		D7BA90802CFE5A3900229618 /* AppFlowView.swift */ = {isa = PBXFileReference; lastKnownFileType = sourcecode.swift; path = AppFlowView.swift; sourceTree = "<group>"; };
		D7BA90832CFE608E00229618 /* AddPatientView.swift */ = {isa = PBXFileReference; lastKnownFileType = sourcecode.swift; path = AddPatientView.swift; sourceTree = "<group>"; };
		D7BA90852CFE60AB00229618 /* AddPatientViewModel.swift */ = {isa = PBXFileReference; lastKnownFileType = sourcecode.swift; path = AddPatientViewModel.swift; sourceTree = "<group>"; };
		D7BF5BAA2CFCB34300300ADC /* HomeScreenView.swift */ = {isa = PBXFileReference; fileEncoding = 4; lastKnownFileType = sourcecode.swift; path = HomeScreenView.swift; sourceTree = "<group>"; };
		D7BF5BAB2CFCB34300300ADC /* HomeScreenViewModel.swift */ = {isa = PBXFileReference; fileEncoding = 4; lastKnownFileType = sourcecode.swift; path = HomeScreenViewModel.swift; sourceTree = "<group>"; };
		D7BF5BAF2CFCB37000300ADC /* SettingsView.swift */ = {isa = PBXFileReference; fileEncoding = 4; lastKnownFileType = sourcecode.swift; path = SettingsView.swift; sourceTree = "<group>"; };
		D7BF5BB22CFCB38C00300ADC /* MySamplePatientsViewModel.swift */ = {isa = PBXFileReference; fileEncoding = 4; lastKnownFileType = sourcecode.swift; path = MySamplePatientsViewModel.swift; sourceTree = "<group>"; };
		D7BF5BB62CFCB39C00300ADC /* SamplePatient.swift */ = {isa = PBXFileReference; fileEncoding = 4; lastKnownFileType = sourcecode.swift; path = SamplePatient.swift; sourceTree = "<group>"; };
		D7BF5BB72CFCB39D00300ADC /* PatientData.swift */ = {isa = PBXFileReference; fileEncoding = 4; lastKnownFileType = sourcecode.swift; path = PatientData.swift; sourceTree = "<group>"; };
		D7BF5BBA2CFCB3A500300ADC /* AnalysisCellView.swift */ = {isa = PBXFileReference; fileEncoding = 4; lastKnownFileType = sourcecode.swift; path = AnalysisCellView.swift; sourceTree = "<group>"; };
		D7BF5BBD2CFCB3BA00300ADC /* AllPatientsView.swift */ = {isa = PBXFileReference; fileEncoding = 4; lastKnownFileType = sourcecode.swift; path = AllPatientsView.swift; sourceTree = "<group>"; };
		D7BF5BBE2CFCB3BA00300ADC /* AllPatientsViewModel.swift */ = {isa = PBXFileReference; fileEncoding = 4; lastKnownFileType = sourcecode.swift; path = AllPatientsViewModel.swift; sourceTree = "<group>"; };
		D7BF5BC12CFCB3E700300ADC /* DoctorProfileView.swift */ = {isa = PBXFileReference; fileEncoding = 4; lastKnownFileType = sourcecode.swift; path = DoctorProfileView.swift; sourceTree = "<group>"; };
		D7BF5BC42CFCB3FA00300ADC /* NotificationsView.swift */ = {isa = PBXFileReference; fileEncoding = 4; lastKnownFileType = sourcecode.swift; path = NotificationsView.swift; sourceTree = "<group>"; };
		D7BF5BC92CFCB45D00300ADC /* VisualizationView.swift */ = {isa = PBXFileReference; fileEncoding = 4; lastKnownFileType = sourcecode.swift; path = VisualizationView.swift; sourceTree = "<group>"; };
		D7BF5BCB2CFCB46A00300ADC /* SplashScreenView.swift */ = {isa = PBXFileReference; fileEncoding = 4; lastKnownFileType = sourcecode.swift; path = SplashScreenView.swift; sourceTree = "<group>"; };
		D7BF5BCD2CFCB4AB00300ADC /* Fonts.swift */ = {isa = PBXFileReference; fileEncoding = 4; lastKnownFileType = sourcecode.swift; path = Fonts.swift; sourceTree = "<group>"; };
		D7BF5BCF2CFCB4B200300ADC /* Colors.swift */ = {isa = PBXFileReference; fileEncoding = 4; lastKnownFileType = sourcecode.swift; path = Colors.swift; sourceTree = "<group>"; };
		D7BF5BD12CFCB4BD00300ADC /* Dimensions.swift */ = {isa = PBXFileReference; fileEncoding = 4; lastKnownFileType = sourcecode.swift; path = Dimensions.swift; sourceTree = "<group>"; };
/* End PBXFileReference section */

/* Begin PBXFrameworksBuildPhase section */
		D762DA962CDCA52A001A6927 /* Frameworks */ = {
			isa = PBXFrameworksBuildPhase;
			buildActionMask = 2147483647;
			files = (
				D762DB3C2CDCA8D9001A6927 /* FirebaseMessaging in Frameworks */,
				D762DB2A2CDCA8D9001A6927 /* FirebaseDatabase in Frameworks */,
				D762DB142CDCA72F001A6927 /* FirebaseAppCheck in Frameworks */,
				D762DB0E2CDCA72F001A6927 /* FirebaseAnalytics in Frameworks */,
				D762DB342CDCA8D9001A6927 /* FirebaseFunctionsCombine-Community in Frameworks */,
				D75F37712D007C1C0038C742 /* FirebaseAnalyticsOnDeviceConversion in Frameworks */,
				D762DB462CDCA8D9001A6927 /* FirebaseVertexAI in Frameworks */,
				D75F37732D007C1C0038C742 /* FirebaseAnalyticsWithoutAdIdSupport in Frameworks */,
				D762DB302CDCA8D9001A6927 /* FirebaseFirestoreCombine-Community in Frameworks */,
				D762DB182CDCA8D9001A6927 /* FirebaseAnalytics in Frameworks */,
				D75F37752D007C1C0038C742 /* FirebaseAppCheck in Frameworks */,
				D75F376F2D007C1C0038C742 /* FirebaseAnalytics in Frameworks */,
				D762DB2E2CDCA8D9001A6927 /* FirebaseFirestore in Frameworks */,
				D762DB282CDCA8D9001A6927 /* FirebaseCrashlytics in Frameworks */,
				D762DB362CDCA8D9001A6927 /* FirebaseInAppMessaging-Beta in Frameworks */,
				D762DB3A2CDCA8D9001A6927 /* FirebaseMLModelDownloader in Frameworks */,
				D762DB1A2CDCA8D9001A6927 /* FirebaseAnalyticsOnDeviceConversion in Frameworks */,
				D762DB162CDCA72F001A6927 /* FirebaseAppDistribution-Beta in Frameworks */,
				D762DB382CDCA8D9001A6927 /* FirebaseInstallations in Frameworks */,
				D762DB122CDCA72F001A6927 /* FirebaseAnalyticsWithoutAdIdSupport in Frameworks */,
				D762DB322CDCA8D9001A6927 /* FirebaseFunctions in Frameworks */,
				D762DB102CDCA72F001A6927 /* FirebaseAnalyticsOnDeviceConversion in Frameworks */,
				D762DB3E2CDCA8D9001A6927 /* FirebasePerformance in Frameworks */,
				D762DB242CDCA8D9001A6927 /* FirebaseAuthCombine-Community in Frameworks */,
				D762DB262CDCA8D9001A6927 /* FirebaseCore in Frameworks */,
				D762DB422CDCA8D9001A6927 /* FirebaseStorage in Frameworks */,
				D762DB2C2CDCA8D9001A6927 /* FirebaseDynamicLinks in Frameworks */,
				D762DB442CDCA8D9001A6927 /* FirebaseStorageCombine-Community in Frameworks */,
				D762DB222CDCA8D9001A6927 /* FirebaseAuth in Frameworks */,
				D762DB202CDCA8D9001A6927 /* FirebaseAppDistribution-Beta in Frameworks */,
				D762DB402CDCA8D9001A6927 /* FirebaseRemoteConfig in Frameworks */,
				D75F37772D007C1C0038C742 /* FirebaseAppDistribution-Beta in Frameworks */,
				D762DB1E2CDCA8D9001A6927 /* FirebaseAppCheck in Frameworks */,
				D762DB1C2CDCA8D9001A6927 /* FirebaseAnalyticsWithoutAdIdSupport in Frameworks */,
			);
			runOnlyForDeploymentPostprocessing = 0;
		};
/* End PBXFrameworksBuildPhase section */

/* Begin PBXGroup section */
		D72A1FE72CFC99C100017B7F /* Patient Details */ = {
			isa = PBXGroup;
			children = (
				D786DE142D12F4CB00E71396 /* PatientDetailView.swift */,
				D786DE122D12F4C600E71396 /* PatientDetailViewModel.swift */,
			);
			path = "Patient Details";
			sourceTree = "<group>";
		};
		D751E3592D00543A00F179C6 /* Doctor Profile View */ = {
			isa = PBXGroup;
			children = (
				D751E35A2D00544700F179C6 /* ProfileView.swift */,
			);
			path = "Doctor Profile View";
			sourceTree = "<group>";
		};
		D751E35C2D00589D00F179C6 /* Assign Patient Page */ = {
			isa = PBXGroup;
			children = (
				D751E35D2D0058AE00F179C6 /* AssignPatientView.swift */,
				D751E35F2D0058BA00F179C6 /* AssignPatientViewModel.swift */,
			);
			path = "Assign Patient Page";
			sourceTree = "<group>";
		};
		D762DA902CDCA52A001A6927 = {
			isa = PBXGroup;
			children = (
				D762DA9B2CDCA52A001A6927 /* SeizureXpert */,
				D762DA9A2CDCA52A001A6927 /* Products */,
			);
			sourceTree = "<group>";
		};
		D762DA9A2CDCA52A001A6927 /* Products */ = {
			isa = PBXGroup;
			children = (
				D762DA992CDCA52A001A6927 /* SeizureXpert.app */,
			);
			name = Products;
			sourceTree = "<group>";
		};
		D762DA9B2CDCA52A001A6927 /* SeizureXpert */ = {
			isa = PBXGroup;
			children = (
				D71CDCE62CFF1D7400DDDFF7 /* GoogleService-Info.plist */,
				D762DAEA2CDCA5CF001A6927 /* Application */,
				D762DAF02CDCA5DE001A6927 /* Model */,
				D762DAED2CDCA5D6001A6927 /* Delegates */,
				D762DAAC2CDCA57D001A6927 /* Views */,
				D762DAF92CDCA5E2001A6927 /* Design System */,
				D762DA9E2CDCA52A001A6927 /* art.scnassets */,
				D762DAA02CDCA52A001A6927 /* ViewController.swift */,
				D762DAA22CDCA52A001A6927 /* Main.storyboard */,
				D762DAA52CDCA52B001A6927 /* Assets.xcassets */,
			);
			path = SeizureXpert;
			sourceTree = "<group>";
		};
		D762DAAC2CDCA57D001A6927 /* Views */ = {
			isa = PBXGroup;
			children = (
				D7A2A32F2D1361400056CC3B /* Upload EEG Page */,
				D751E35C2D00589D00F179C6 /* Assign Patient Page */,
				D751E3592D00543A00F179C6 /* Doctor Profile View */,
				D7BA90822CFE608000229618 /* AddPatientView */,
				D7BF5BC82CFCB45300300ADC /* SOZ Visualization Page */,
				D7BF5BC32CFCB3F000300ADC /* Notification Page */,
				D7BF5BBC2CFCB3AF00300ADC /* All Patients Page */,
				D7BF5BB12CFCB38300300ADC /* My Sample Patients Page */,
				D7BF5BAE2CFCB36300300ADC /* Settings Screen */,
				D7BF5BA92CFCB33300300ADC /* Home Screen */,
				D72A1FE72CFC99C100017B7F /* Patient Details */,
				D762DAB02CDCA57D001A6927 /* Sign Up Page */,
				D762DAD02CDCA57D001A6927 /* Login Page */,
				D762DACD2CDCA57D001A6927 /* Service */,
			);
			path = Views;
			sourceTree = "<group>";
		};
		D762DAB02CDCA57D001A6927 /* Sign Up Page */ = {
			isa = PBXGroup;
			children = (
				D762DAB12CDCA57D001A6927 /* SignUpViewModel.swift */,
				D762DAB22CDCA57D001A6927 /* SignUpView.swift */,
			);
			path = "Sign Up Page";
			sourceTree = "<group>";
		};
		D762DACD2CDCA57D001A6927 /* Service */ = {
			isa = PBXGroup;
			children = (
				D762DACE2CDCA57D001A6927 /* AppState.swift */,
				D762DACF2CDCA57D001A6927 /* VideoUploader.swift */,
				D7B73CD52CFE7651006FAAC8 /* FirestoreUtility.swift */,
				D75F376A2D005D4D0038C742 /* ImagePicker.swift */,
				D7B145612D134CB400F48834 /* ServerConfig.swift */,
				D7B145632D13575400F48834 /* ProfileImageView.swift */,
			);
			path = Service;
			sourceTree = "<group>";
		};
		D762DAD02CDCA57D001A6927 /* Login Page */ = {
			isa = PBXGroup;
			children = (
				D762DAD12CDCA57D001A6927 /* LoginViewModel.swift */,
				D762DAD22CDCA57D001A6927 /* LoginView.swift */,
				D793A0632CFC7941002A8665 /* PlaceholderTextField.swift */,
			);
			path = "Login Page";
			sourceTree = "<group>";
		};
		D762DAEA2CDCA5CF001A6927 /* Application */ = {
			isa = PBXGroup;
			children = (
				D762DAEB2CDCA5CF001A6927 /* SeizureXpertApp.swift */,
				D7BF5BCB2CFCB46A00300ADC /* SplashScreenView.swift */,
				D7BA90802CFE5A3900229618 /* AppFlowView.swift */,
			);
			path = Application;
			sourceTree = "<group>";
		};
		D762DAED2CDCA5D6001A6927 /* Delegates */ = {
			isa = PBXGroup;
			children = (
				D762DAEE2CDCA5D6001A6927 /* AppDelegate.swift */,
			);
			path = Delegates;
			sourceTree = "<group>";
		};
		D762DAF02CDCA5DE001A6927 /* Model */ = {
			isa = PBXGroup;
			children = (
				D762DAF12CDCA5DE001A6927 /* User.swift */,
				D762DAF22CDCA5DE001A6927 /* Majors.swift */,
				D762DAF32CDCA5DE001A6927 /* Subscription.swift */,
				D762DAF42CDCA5DE001A6927 /* Video.swift */,
			);
			path = Model;
			sourceTree = "<group>";
		};
		D762DAF92CDCA5E2001A6927 /* Design System */ = {
			isa = PBXGroup;
			children = (
				D7A5895D2CFCB60E00F63A7A /* Components.swift */,
				D7BF5BD12CFCB4BD00300ADC /* Dimensions.swift */,
				D7BF5BCF2CFCB4B200300ADC /* Colors.swift */,
				D7BF5BCD2CFCB4AB00300ADC /* Fonts.swift */,
				D72A20142CFC9ABA00017B7F /* BackgroundDS.swift */,
				D72A20092CFC9AB900017B7F /* ButtonDS.swift */,
				D72A200F2CFC9AB900017B7F /* Colors.xcassets */,
				D72A200D2CFC9AB900017B7F /* LinkText.swift */,
				D72A20082CFC9AB900017B7F /* Radius.swift */,
				D72A20132CFC9ABA00017B7F /* SecureFieldDS.swift */,
				D72A20102CFC9AB900017B7F /* Spacing.swift */,
				D72A200E2CFC9AB900017B7F /* TextDS.swift */,
				D72A200C2CFC9AB900017B7F /* TextFieldDS.swift */,
				D71D636A2CEF1E71008C00C2 /* DisableAutofillTextField.swift */,
				D793A0652CFC7AB5002A8665 /* DesignSystem.swift */,
				D793A0672CFC7B4F002A8665 /* InputField.swift */,
				D793A0692CFC7B76002A8665 /* SecureInputField.swift */,
				D793A06B2CFC7B94002A8665 /* SocialLoginButton.swift */,
			);
			path = "Design System";
			sourceTree = "<group>";
		};
		D7A2A32F2D1361400056CC3B /* Upload EEG Page */ = {
			isa = PBXGroup;
			children = (
				D7A2A3302D1361580056CC3B /* UploadEEGDataView.swift */,
				D7A2A3322D13616B0056CC3B /* UploadEEGDataViewModel.swift */,
				D7A2A3342D1364B10056CC3B /* DocumentPickerView.swift */,
			);
			path = "Upload EEG Page";
			sourceTree = "<group>";
		};
		D7BA90822CFE608000229618 /* AddPatientView */ = {
			isa = PBXGroup;
			children = (
				D7BA90832CFE608E00229618 /* AddPatientView.swift */,
				D7BA90852CFE60AB00229618 /* AddPatientViewModel.swift */,
			);
			path = AddPatientView;
			sourceTree = "<group>";
		};
		D7BF5BA92CFCB33300300ADC /* Home Screen */ = {
			isa = PBXGroup;
			children = (
				D7BF5BC12CFCB3E700300ADC /* DoctorProfileView.swift */,
				D7BF5BBA2CFCB3A500300ADC /* AnalysisCellView.swift */,
				D7BF5BB62CFCB39C00300ADC /* SamplePatient.swift */,
				D7BF5BB72CFCB39D00300ADC /* PatientData.swift */,
				D7BF5BAA2CFCB34300300ADC /* HomeScreenView.swift */,
				D7BF5BAB2CFCB34300300ADC /* HomeScreenViewModel.swift */,
			);
			path = "Home Screen";
			sourceTree = "<group>";
		};
		D7BF5BAE2CFCB36300300ADC /* Settings Screen */ = {
			isa = PBXGroup;
			children = (
				D7BF5BAF2CFCB37000300ADC /* SettingsView.swift */,
			);
			path = "Settings Screen";
			sourceTree = "<group>";
		};
		D7BF5BB12CFCB38300300ADC /* My Sample Patients Page */ = {
			isa = PBXGroup;
			children = (
				D7A5895F2CFCB78200F63A7A /* MySamplePatientsView.swift */,
				D7BF5BB22CFCB38C00300ADC /* MySamplePatientsViewModel.swift */,
			);
			path = "My Sample Patients Page";
			sourceTree = "<group>";
		};
		D7BF5BBC2CFCB3AF00300ADC /* All Patients Page */ = {
			isa = PBXGroup;
			children = (
				D7BF5BBD2CFCB3BA00300ADC /* AllPatientsView.swift */,
				D7BF5BBE2CFCB3BA00300ADC /* AllPatientsViewModel.swift */,
			);
			path = "All Patients Page";
			sourceTree = "<group>";
		};
		D7BF5BC32CFCB3F000300ADC /* Notification Page */ = {
			isa = PBXGroup;
			children = (
				D7BF5BC42CFCB3FA00300ADC /* NotificationsView.swift */,
			);
			path = "Notification Page";
			sourceTree = "<group>";
		};
		D7BF5BC82CFCB45300300ADC /* SOZ Visualization Page */ = {
			isa = PBXGroup;
			children = (
				D7BF5BC92CFCB45D00300ADC /* VisualizationView.swift */,
			);
			path = "SOZ Visualization Page";
			sourceTree = "<group>";
		};
/* End PBXGroup section */

/* Begin PBXNativeTarget section */
		D762DA982CDCA52A001A6927 /* SeizureXpert */ = {
			isa = PBXNativeTarget;
			buildConfigurationList = D762DAA92CDCA52B001A6927 /* Build configuration list for PBXNativeTarget "SeizureXpert" */;
			buildPhases = (
				D762DA952CDCA52A001A6927 /* Sources */,
				D762DA962CDCA52A001A6927 /* Frameworks */,
				D762DA972CDCA52A001A6927 /* Resources */,
			);
			buildRules = (
			);
			dependencies = (
			);
			name = SeizureXpert;
			packageProductDependencies = (
				D762DB0D2CDCA72F001A6927 /* FirebaseAnalytics */,
				D762DB0F2CDCA72F001A6927 /* FirebaseAnalyticsOnDeviceConversion */,
				D762DB112CDCA72F001A6927 /* FirebaseAnalyticsWithoutAdIdSupport */,
				D762DB132CDCA72F001A6927 /* FirebaseAppCheck */,
				D762DB152CDCA72F001A6927 /* FirebaseAppDistribution-Beta */,
				D762DB172CDCA8D9001A6927 /* FirebaseAnalytics */,
				D762DB192CDCA8D9001A6927 /* FirebaseAnalyticsOnDeviceConversion */,
				D762DB1B2CDCA8D9001A6927 /* FirebaseAnalyticsWithoutAdIdSupport */,
				D762DB1D2CDCA8D9001A6927 /* FirebaseAppCheck */,
				D762DB1F2CDCA8D9001A6927 /* FirebaseAppDistribution-Beta */,
				D762DB212CDCA8D9001A6927 /* FirebaseAuth */,
				D762DB232CDCA8D9001A6927 /* FirebaseAuthCombine-Community */,
				D762DB252CDCA8D9001A6927 /* FirebaseCore */,
				D762DB272CDCA8D9001A6927 /* FirebaseCrashlytics */,
				D762DB292CDCA8D9001A6927 /* FirebaseDatabase */,
				D762DB2B2CDCA8D9001A6927 /* FirebaseDynamicLinks */,
				D762DB2D2CDCA8D9001A6927 /* FirebaseFirestore */,
				D762DB2F2CDCA8D9001A6927 /* FirebaseFirestoreCombine-Community */,
				D762DB312CDCA8D9001A6927 /* FirebaseFunctions */,
				D762DB332CDCA8D9001A6927 /* FirebaseFunctionsCombine-Community */,
				D762DB352CDCA8D9001A6927 /* FirebaseInAppMessaging-Beta */,
				D762DB372CDCA8D9001A6927 /* FirebaseInstallations */,
				D762DB392CDCA8D9001A6927 /* FirebaseMLModelDownloader */,
				D762DB3B2CDCA8D9001A6927 /* FirebaseMessaging */,
				D762DB3D2CDCA8D9001A6927 /* FirebasePerformance */,
				D762DB3F2CDCA8D9001A6927 /* FirebaseRemoteConfig */,
				D762DB412CDCA8D9001A6927 /* FirebaseStorage */,
				D762DB432CDCA8D9001A6927 /* FirebaseStorageCombine-Community */,
				D762DB452CDCA8D9001A6927 /* FirebaseVertexAI */,
				D75F376E2D007C1C0038C742 /* FirebaseAnalytics */,
				D75F37702D007C1C0038C742 /* FirebaseAnalyticsOnDeviceConversion */,
				D75F37722D007C1C0038C742 /* FirebaseAnalyticsWithoutAdIdSupport */,
				D75F37742D007C1C0038C742 /* FirebaseAppCheck */,
				D75F37762D007C1C0038C742 /* FirebaseAppDistribution-Beta */,
			);
			productName = SeizureXpert;
			productReference = D762DA992CDCA52A001A6927 /* SeizureXpert.app */;
			productType = "com.apple.product-type.application";
		};
/* End PBXNativeTarget section */

/* Begin PBXProject section */
		D762DA912CDCA52A001A6927 /* Project object */ = {
			isa = PBXProject;
			attributes = {
				BuildIndependentTargetsInParallel = 1;
				LastSwiftUpdateCheck = 1500;
				LastUpgradeCheck = 1500;
				TargetAttributes = {
					D762DA982CDCA52A001A6927 = {
						CreatedOnToolsVersion = 15.0;
					};
				};
			};
			buildConfigurationList = D762DA942CDCA52A001A6927 /* Build configuration list for PBXProject "SeizureXpert" */;
			compatibilityVersion = "Xcode 14.0";
			developmentRegion = en;
			hasScannedForEncodings = 0;
			knownRegions = (
				en,
				Base,
			);
			mainGroup = D762DA902CDCA52A001A6927;
			packageReferences = (
				D762DB0C2CDCA72F001A6927 /* XCRemoteSwiftPackageReference "firebase-ios-sdk" */,
			);
			productRefGroup = D762DA9A2CDCA52A001A6927 /* Products */;
			projectDirPath = "";
			projectRoot = "";
			targets = (
				D762DA982CDCA52A001A6927 /* SeizureXpert */,
			);
		};
/* End PBXProject section */

/* Begin PBXResourcesBuildPhase section */
		D762DA972CDCA52A001A6927 /* Resources */ = {
			isa = PBXResourcesBuildPhase;
			buildActionMask = 2147483647;
			files = (
				D762DA9F2CDCA52A001A6927 /* art.scnassets in Resources */,
				D762DAA62CDCA52B001A6927 /* Assets.xcassets in Resources */,
				D71CDCE72CFF1D7400DDDFF7 /* GoogleService-Info.plist in Resources */,
				D72A201D2CFC9ABA00017B7F /* Colors.xcassets in Resources */,
				D762DAA42CDCA52A001A6927 /* Main.storyboard in Resources */,
			);
			runOnlyForDeploymentPostprocessing = 0;
		};
/* End PBXResourcesBuildPhase section */

/* Begin PBXSourcesBuildPhase section */
		D762DA952CDCA52A001A6927 /* Sources */ = {
			isa = PBXSourcesBuildPhase;
			buildActionMask = 2147483647;
			files = (
				D762DAF62CDCA5DE001A6927 /* Majors.swift in Sources */,
				D762DAF52CDCA5DE001A6927 /* User.swift in Sources */,
				D762DAE72CDCA57D001A6927 /* VideoUploader.swift in Sources */,
				D7BF5BBB2CFCB3A500300ADC /* AnalysisCellView.swift in Sources */,
				D7A589602CFCB78200F63A7A /* MySamplePatientsView.swift in Sources */,
				D7A2A3332D13616B0056CC3B /* UploadEEGDataViewModel.swift in Sources */,
				D793A0662CFC7AB5002A8665 /* DesignSystem.swift in Sources */,
				D75F376B2D005D4D0038C742 /* ImagePicker.swift in Sources */,
				D7BF5BC52CFCB3FA00300ADC /* NotificationsView.swift in Sources */,
				D762DAA12CDCA52A001A6927 /* ViewController.swift in Sources */,
				D7A5895E2CFCB60E00F63A7A /* Components.swift in Sources */,
				D72A20162CFC9ABA00017B7F /* Radius.swift in Sources */,
				D72A20212CFC9ABA00017B7F /* SecureFieldDS.swift in Sources */,
				D7B73CD62CFE7651006FAAC8 /* FirestoreUtility.swift in Sources */,
				D762DAD52CDCA57D001A6927 /* SignUpViewModel.swift in Sources */,
				D786DE132D12F4C600E71396 /* PatientDetailViewModel.swift in Sources */,
				D72A201E2CFC9ABA00017B7F /* Spacing.swift in Sources */,
				D7BF5BD22CFCB4BD00300ADC /* Dimensions.swift in Sources */,
				D751E35E2D0058AE00F179C6 /* AssignPatientView.swift in Sources */,
				D7BA90812CFE5A3900229618 /* AppFlowView.swift in Sources */,
				D7BF5BD02CFCB4B200300ADC /* Colors.swift in Sources */,
				D7BF5BAC2CFCB34300300ADC /* HomeScreenView.swift in Sources */,
				D762DAD62CDCA57D001A6927 /* SignUpView.swift in Sources */,
				D7B145642D13575400F48834 /* ProfileImageView.swift in Sources */,
				D793A06A2CFC7B76002A8665 /* SecureInputField.swift in Sources */,
				D762DAE92CDCA57D001A6927 /* LoginView.swift in Sources */,
				D762DAEF2CDCA5D6001A6927 /* AppDelegate.swift in Sources */,
				D7BF5BB92CFCB39D00300ADC /* PatientData.swift in Sources */,
				D7BA90842CFE608E00229618 /* AddPatientView.swift in Sources */,
				D793A06C2CFC7B94002A8665 /* SocialLoginButton.swift in Sources */,
				D751E35B2D00544700F179C6 /* ProfileView.swift in Sources */,
				D762DAF72CDCA5DE001A6927 /* Subscription.swift in Sources */,
				D7A2A3312D1361580056CC3B /* UploadEEGDataView.swift in Sources */,
				D7BF5BB82CFCB39D00300ADC /* SamplePatient.swift in Sources */,
				D7BF5BC02CFCB3BA00300ADC /* AllPatientsViewModel.swift in Sources */,
				D7BF5BAD2CFCB34300300ADC /* HomeScreenViewModel.swift in Sources */,
				D7BF5BB42CFCB38C00300ADC /* MySamplePatientsViewModel.swift in Sources */,
				D72A20172CFC9ABA00017B7F /* ButtonDS.swift in Sources */,
				D72A201B2CFC9ABA00017B7F /* LinkText.swift in Sources */,
				D786DE152D12F4CB00E71396 /* PatientDetailView.swift in Sources */,
				D751E3602D0058BA00F179C6 /* AssignPatientViewModel.swift in Sources */,
				D762DAEC2CDCA5CF001A6927 /* SeizureXpertApp.swift in Sources */,
				D72A201A2CFC9ABA00017B7F /* TextFieldDS.swift in Sources */,
				D7BA90862CFE60AB00229618 /* AddPatientViewModel.swift in Sources */,
				D793A0682CFC7B4F002A8665 /* InputField.swift in Sources */,
				D7BF5BB02CFCB37000300ADC /* SettingsView.swift in Sources */,
				D7BF5BCE2CFCB4AB00300ADC /* Fonts.swift in Sources */,
				D7BF5BBF2CFCB3BA00300ADC /* AllPatientsView.swift in Sources */,
				D72A20222CFC9ABA00017B7F /* BackgroundDS.swift in Sources */,
				D762DAE62CDCA57D001A6927 /* AppState.swift in Sources */,
				D762DAE82CDCA57D001A6927 /* LoginViewModel.swift in Sources */,
				D7B145622D134CB400F48834 /* ServerConfig.swift in Sources */,
				D71D636B2CEF1E71008C00C2 /* DisableAutofillTextField.swift in Sources */,
				D7BF5BC22CFCB3E700300ADC /* DoctorProfileView.swift in Sources */,
				D7BF5BCA2CFCB45D00300ADC /* VisualizationView.swift in Sources */,
				D7A2A3352D1364B10056CC3B /* DocumentPickerView.swift in Sources */,
				D7BF5BCC2CFCB46A00300ADC /* SplashScreenView.swift in Sources */,
				D762DAF82CDCA5DE001A6927 /* Video.swift in Sources */,
				D793A0642CFC7941002A8665 /* PlaceholderTextField.swift in Sources */,
				D72A201C2CFC9ABA00017B7F /* TextDS.swift in Sources */,
			);
			runOnlyForDeploymentPostprocessing = 0;
		};
/* End PBXSourcesBuildPhase section */

/* Begin PBXVariantGroup section */
		D762DAA22CDCA52A001A6927 /* Main.storyboard */ = {
			isa = PBXVariantGroup;
			children = (
				D762DAA32CDCA52A001A6927 /* Base */,
				D72A1FE62CFC98B500017B7F /* mul */,
			);
			name = Main.storyboard;
			sourceTree = "<group>";
		};
/* End PBXVariantGroup section */

/* Begin XCBuildConfiguration section */
		D762DAA72CDCA52B001A6927 /* Debug */ = {
			isa = XCBuildConfiguration;
			buildSettings = {
				ALWAYS_SEARCH_USER_PATHS = NO;
				ASSETCATALOG_COMPILER_GENERATE_SWIFT_ASSET_SYMBOL_EXTENSIONS = YES;
				CLANG_ANALYZER_NONNULL = YES;
				CLANG_ANALYZER_NUMBER_OBJECT_CONVERSION = YES_AGGRESSIVE;
				CLANG_CXX_LANGUAGE_STANDARD = "gnu++20";
				CLANG_ENABLE_MODULES = YES;
				CLANG_ENABLE_OBJC_ARC = YES;
				CLANG_ENABLE_OBJC_WEAK = YES;
				CLANG_WARN_BLOCK_CAPTURE_AUTORELEASING = YES;
				CLANG_WARN_BOOL_CONVERSION = YES;
				CLANG_WARN_COMMA = YES;
				CLANG_WARN_CONSTANT_CONVERSION = YES;
				CLANG_WARN_DEPRECATED_OBJC_IMPLEMENTATIONS = YES;
				CLANG_WARN_DIRECT_OBJC_ISA_USAGE = YES_ERROR;
				CLANG_WARN_DOCUMENTATION_COMMENTS = YES;
				CLANG_WARN_EMPTY_BODY = YES;
				CLANG_WARN_ENUM_CONVERSION = YES;
				CLANG_WARN_INFINITE_RECURSION = YES;
				CLANG_WARN_INT_CONVERSION = YES;
				CLANG_WARN_NON_LITERAL_NULL_CONVERSION = YES;
				CLANG_WARN_OBJC_IMPLICIT_RETAIN_SELF = YES;
				CLANG_WARN_OBJC_LITERAL_CONVERSION = YES;
				CLANG_WARN_OBJC_ROOT_CLASS = YES_ERROR;
				CLANG_WARN_QUOTED_INCLUDE_IN_FRAMEWORK_HEADER = YES;
				CLANG_WARN_RANGE_LOOP_ANALYSIS = YES;
				CLANG_WARN_STRICT_PROTOTYPES = YES;
				CLANG_WARN_SUSPICIOUS_MOVE = YES;
				CLANG_WARN_UNGUARDED_AVAILABILITY = YES_AGGRESSIVE;
				CLANG_WARN_UNREACHABLE_CODE = YES;
				CLANG_WARN__DUPLICATE_METHOD_MATCH = YES;
				COPY_PHASE_STRIP = NO;
				DEBUG_INFORMATION_FORMAT = dwarf;
				ENABLE_STRICT_OBJC_MSGSEND = YES;
				ENABLE_TESTABILITY = YES;
				ENABLE_USER_SCRIPT_SANDBOXING = YES;
				GCC_C_LANGUAGE_STANDARD = gnu17;
				GCC_DYNAMIC_NO_PIC = NO;
				GCC_NO_COMMON_BLOCKS = YES;
				GCC_OPTIMIZATION_LEVEL = 0;
				GCC_PREPROCESSOR_DEFINITIONS = (
					"DEBUG=1",
					"$(inherited)",
				);
				GCC_WARN_64_TO_32_BIT_CONVERSION = YES;
				GCC_WARN_ABOUT_RETURN_TYPE = YES_ERROR;
				GCC_WARN_UNDECLARED_SELECTOR = YES;
				GCC_WARN_UNINITIALIZED_AUTOS = YES_AGGRESSIVE;
				GCC_WARN_UNUSED_FUNCTION = YES;
				GCC_WARN_UNUSED_VARIABLE = YES;
				INFOPLIST_KEY_UIRequiresFullScreen = YES;
				IPHONEOS_DEPLOYMENT_TARGET = 17.0;
				LOCALIZATION_PREFERS_STRING_CATALOGS = YES;
				MTL_ENABLE_DEBUG_INFO = INCLUDE_SOURCE;
				MTL_FAST_MATH = YES;
				ONLY_ACTIVE_ARCH = YES;
				SDKROOT = iphoneos;
				SWIFT_ACTIVE_COMPILATION_CONDITIONS = "DEBUG $(inherited)";
				SWIFT_OPTIMIZATION_LEVEL = "-Onone";
			};
			name = Debug;
		};
		D762DAA82CDCA52B001A6927 /* Release */ = {
			isa = XCBuildConfiguration;
			buildSettings = {
				ALWAYS_SEARCH_USER_PATHS = NO;
				ASSETCATALOG_COMPILER_GENERATE_SWIFT_ASSET_SYMBOL_EXTENSIONS = YES;
				CLANG_ANALYZER_NONNULL = YES;
				CLANG_ANALYZER_NUMBER_OBJECT_CONVERSION = YES_AGGRESSIVE;
				CLANG_CXX_LANGUAGE_STANDARD = "gnu++20";
				CLANG_ENABLE_MODULES = YES;
				CLANG_ENABLE_OBJC_ARC = YES;
				CLANG_ENABLE_OBJC_WEAK = YES;
				CLANG_WARN_BLOCK_CAPTURE_AUTORELEASING = YES;
				CLANG_WARN_BOOL_CONVERSION = YES;
				CLANG_WARN_COMMA = YES;
				CLANG_WARN_CONSTANT_CONVERSION = YES;
				CLANG_WARN_DEPRECATED_OBJC_IMPLEMENTATIONS = YES;
				CLANG_WARN_DIRECT_OBJC_ISA_USAGE = YES_ERROR;
				CLANG_WARN_DOCUMENTATION_COMMENTS = YES;
				CLANG_WARN_EMPTY_BODY = YES;
				CLANG_WARN_ENUM_CONVERSION = YES;
				CLANG_WARN_INFINITE_RECURSION = YES;
				CLANG_WARN_INT_CONVERSION = YES;
				CLANG_WARN_NON_LITERAL_NULL_CONVERSION = YES;
				CLANG_WARN_OBJC_IMPLICIT_RETAIN_SELF = YES;
				CLANG_WARN_OBJC_LITERAL_CONVERSION = YES;
				CLANG_WARN_OBJC_ROOT_CLASS = YES_ERROR;
				CLANG_WARN_QUOTED_INCLUDE_IN_FRAMEWORK_HEADER = YES;
				CLANG_WARN_RANGE_LOOP_ANALYSIS = YES;
				CLANG_WARN_STRICT_PROTOTYPES = YES;
				CLANG_WARN_SUSPICIOUS_MOVE = YES;
				CLANG_WARN_UNGUARDED_AVAILABILITY = YES_AGGRESSIVE;
				CLANG_WARN_UNREACHABLE_CODE = YES;
				CLANG_WARN__DUPLICATE_METHOD_MATCH = YES;
				COPY_PHASE_STRIP = NO;
				DEBUG_INFORMATION_FORMAT = "dwarf-with-dsym";
				ENABLE_NS_ASSERTIONS = NO;
				ENABLE_STRICT_OBJC_MSGSEND = YES;
				ENABLE_USER_SCRIPT_SANDBOXING = YES;
				GCC_C_LANGUAGE_STANDARD = gnu17;
				GCC_NO_COMMON_BLOCKS = YES;
				GCC_WARN_64_TO_32_BIT_CONVERSION = YES;
				GCC_WARN_ABOUT_RETURN_TYPE = YES_ERROR;
				GCC_WARN_UNDECLARED_SELECTOR = YES;
				GCC_WARN_UNINITIALIZED_AUTOS = YES_AGGRESSIVE;
				GCC_WARN_UNUSED_FUNCTION = YES;
				GCC_WARN_UNUSED_VARIABLE = YES;
				INFOPLIST_KEY_UIRequiresFullScreen = YES;
				IPHONEOS_DEPLOYMENT_TARGET = 17.0;
				LOCALIZATION_PREFERS_STRING_CATALOGS = YES;
				MTL_ENABLE_DEBUG_INFO = NO;
				MTL_FAST_MATH = YES;
				SDKROOT = iphoneos;
				SWIFT_COMPILATION_MODE = wholemodule;
				VALIDATE_PRODUCT = YES;
			};
			name = Release;
		};
		D762DAAA2CDCA52B001A6927 /* Debug */ = {
			isa = XCBuildConfiguration;
			buildSettings = {
				ASSETCATALOG_COMPILER_APPICON_NAME = AppIcon;
				ASSETCATALOG_COMPILER_GLOBAL_ACCENT_COLOR_NAME = AccentColor;
				ASSETCATALOG_COMPILER_INCLUDE_ALL_APPICON_ASSETS = NO;
				CODE_SIGN_STYLE = Automatic;
				CURRENT_PROJECT_VERSION = 1;
				DEVELOPMENT_TEAM = 3YL59MWSRT;
				GENERATE_INFOPLIST_FILE = YES;
				INFOPLIST_KEY_NSCameraUsageDescription = "";
				INFOPLIST_KEY_UIApplicationSupportsIndirectInputEvents = YES;
				INFOPLIST_KEY_UILaunchStoryboardName = Main.storyboard;
				INFOPLIST_KEY_UIMainStoryboardFile = Main;
				INFOPLIST_KEY_UIRequiredDeviceCapabilities = arkit;
				INFOPLIST_KEY_UIRequiresFullScreen = YES;
				INFOPLIST_KEY_UIStatusBarHidden = YES;
				INFOPLIST_KEY_UISupportedInterfaceOrientations = "UIInterfaceOrientationLandscapeLeft UIInterfaceOrientationPortrait";
				INFOPLIST_KEY_UISupportedInterfaceOrientations_iPad = "UIInterfaceOrientationLandscapeLeft UIInterfaceOrientationLandscapeRight UIInterfaceOrientationPortrait UIInterfaceOrientationPortraitUpsideDown";
				LD_RUNPATH_SEARCH_PATHS = (
					"$(inherited)",
					"@executable_path/Frameworks",
				);
				MARKETING_VERSION = 1.0;
				PRODUCT_BUNDLE_IDENTIFIER = com.eegsolutions.SeizureXpert;
				PRODUCT_NAME = "$(TARGET_NAME)";
				SWIFT_EMIT_LOC_STRINGS = YES;
				SWIFT_VERSION = 5.0;
				TARGETED_DEVICE_FAMILY = "1,2";
			};
			name = Debug;
		};
		D762DAAB2CDCA52B001A6927 /* Release */ = {
			isa = XCBuildConfiguration;
			buildSettings = {
				ASSETCATALOG_COMPILER_APPICON_NAME = AppIcon;
				ASSETCATALOG_COMPILER_GLOBAL_ACCENT_COLOR_NAME = AccentColor;
				ASSETCATALOG_COMPILER_INCLUDE_ALL_APPICON_ASSETS = NO;
				CODE_SIGN_STYLE = Automatic;
				CURRENT_PROJECT_VERSION = 1;
				DEVELOPMENT_TEAM = 3YL59MWSRT;
				GENERATE_INFOPLIST_FILE = YES;
				INFOPLIST_KEY_NSCameraUsageDescription = "";
				INFOPLIST_KEY_UIApplicationSupportsIndirectInputEvents = YES;
				INFOPLIST_KEY_UILaunchStoryboardName = Main.storyboard;
				INFOPLIST_KEY_UIMainStoryboardFile = Main;
				INFOPLIST_KEY_UIRequiredDeviceCapabilities = arkit;
				INFOPLIST_KEY_UIRequiresFullScreen = YES;
				INFOPLIST_KEY_UIStatusBarHidden = YES;
				INFOPLIST_KEY_UISupportedInterfaceOrientations = "UIInterfaceOrientationLandscapeLeft UIInterfaceOrientationPortrait";
				INFOPLIST_KEY_UISupportedInterfaceOrientations_iPad = "UIInterfaceOrientationLandscapeLeft UIInterfaceOrientationLandscapeRight UIInterfaceOrientationPortrait UIInterfaceOrientationPortraitUpsideDown";
				LD_RUNPATH_SEARCH_PATHS = (
					"$(inherited)",
					"@executable_path/Frameworks",
				);
				MARKETING_VERSION = 1.0;
				PRODUCT_BUNDLE_IDENTIFIER = com.eegsolutions.SeizureXpert;
				PRODUCT_NAME = "$(TARGET_NAME)";
				SWIFT_EMIT_LOC_STRINGS = YES;
				SWIFT_VERSION = 5.0;
				TARGETED_DEVICE_FAMILY = "1,2";
			};
			name = Release;
		};
/* End XCBuildConfiguration section */

/* Begin XCConfigurationList section */
		D762DA942CDCA52A001A6927 /* Build configuration list for PBXProject "SeizureXpert" */ = {
			isa = XCConfigurationList;
			buildConfigurations = (
				D762DAA72CDCA52B001A6927 /* Debug */,
				D762DAA82CDCA52B001A6927 /* Release */,
			);
			defaultConfigurationIsVisible = 0;
			defaultConfigurationName = Release;
		};
		D762DAA92CDCA52B001A6927 /* Build configuration list for PBXNativeTarget "SeizureXpert" */ = {
			isa = XCConfigurationList;
			buildConfigurations = (
				D762DAAA2CDCA52B001A6927 /* Debug */,
				D762DAAB2CDCA52B001A6927 /* Release */,
			);
			defaultConfigurationIsVisible = 0;
			defaultConfigurationName = Release;
		};
/* End XCConfigurationList section */

/* Begin XCRemoteSwiftPackageReference section */
		D762DB0C2CDCA72F001A6927 /* XCRemoteSwiftPackageReference "firebase-ios-sdk" */ = {
			isa = XCRemoteSwiftPackageReference;
			repositoryURL = "https://github.com/firebase/firebase-ios-sdk";
			requirement = {
				kind = upToNextMajorVersion;
				minimumVersion = 11.4.0;
			};
		};
/* End XCRemoteSwiftPackageReference section */

/* Begin XCSwiftPackageProductDependency section */
		D75F376E2D007C1C0038C742 /* FirebaseAnalytics */ = {
			isa = XCSwiftPackageProductDependency;
			package = D762DB0C2CDCA72F001A6927 /* XCRemoteSwiftPackageReference "firebase-ios-sdk" */;
			productName = FirebaseAnalytics;
		};
		D75F37702D007C1C0038C742 /* FirebaseAnalyticsOnDeviceConversion */ = {
			isa = XCSwiftPackageProductDependency;
			package = D762DB0C2CDCA72F001A6927 /* XCRemoteSwiftPackageReference "firebase-ios-sdk" */;
			productName = FirebaseAnalyticsOnDeviceConversion;
		};
		D75F37722D007C1C0038C742 /* FirebaseAnalyticsWithoutAdIdSupport */ = {
			isa = XCSwiftPackageProductDependency;
			package = D762DB0C2CDCA72F001A6927 /* XCRemoteSwiftPackageReference "firebase-ios-sdk" */;
			productName = FirebaseAnalyticsWithoutAdIdSupport;
		};
		D75F37742D007C1C0038C742 /* FirebaseAppCheck */ = {
			isa = XCSwiftPackageProductDependency;
			package = D762DB0C2CDCA72F001A6927 /* XCRemoteSwiftPackageReference "firebase-ios-sdk" */;
			productName = FirebaseAppCheck;
		};
		D75F37762D007C1C0038C742 /* FirebaseAppDistribution-Beta */ = {
			isa = XCSwiftPackageProductDependency;
			package = D762DB0C2CDCA72F001A6927 /* XCRemoteSwiftPackageReference "firebase-ios-sdk" */;
			productName = "FirebaseAppDistribution-Beta";
		};
		D762DB0D2CDCA72F001A6927 /* FirebaseAnalytics */ = {
			isa = XCSwiftPackageProductDependency;
			package = D762DB0C2CDCA72F001A6927 /* XCRemoteSwiftPackageReference "firebase-ios-sdk" */;
			productName = FirebaseAnalytics;
		};
		D762DB0F2CDCA72F001A6927 /* FirebaseAnalyticsOnDeviceConversion */ = {
			isa = XCSwiftPackageProductDependency;
			package = D762DB0C2CDCA72F001A6927 /* XCRemoteSwiftPackageReference "firebase-ios-sdk" */;
			productName = FirebaseAnalyticsOnDeviceConversion;
		};
		D762DB112CDCA72F001A6927 /* FirebaseAnalyticsWithoutAdIdSupport */ = {
			isa = XCSwiftPackageProductDependency;
			package = D762DB0C2CDCA72F001A6927 /* XCRemoteSwiftPackageReference "firebase-ios-sdk" */;
			productName = FirebaseAnalyticsWithoutAdIdSupport;
		};
		D762DB132CDCA72F001A6927 /* FirebaseAppCheck */ = {
			isa = XCSwiftPackageProductDependency;
			package = D762DB0C2CDCA72F001A6927 /* XCRemoteSwiftPackageReference "firebase-ios-sdk" */;
			productName = FirebaseAppCheck;
		};
		D762DB152CDCA72F001A6927 /* FirebaseAppDistribution-Beta */ = {
			isa = XCSwiftPackageProductDependency;
			package = D762DB0C2CDCA72F001A6927 /* XCRemoteSwiftPackageReference "firebase-ios-sdk" */;
			productName = "FirebaseAppDistribution-Beta";
		};
		D762DB172CDCA8D9001A6927 /* FirebaseAnalytics */ = {
			isa = XCSwiftPackageProductDependency;
			package = D762DB0C2CDCA72F001A6927 /* XCRemoteSwiftPackageReference "firebase-ios-sdk" */;
			productName = FirebaseAnalytics;
		};
		D762DB192CDCA8D9001A6927 /* FirebaseAnalyticsOnDeviceConversion */ = {
			isa = XCSwiftPackageProductDependency;
			package = D762DB0C2CDCA72F001A6927 /* XCRemoteSwiftPackageReference "firebase-ios-sdk" */;
			productName = FirebaseAnalyticsOnDeviceConversion;
		};
		D762DB1B2CDCA8D9001A6927 /* FirebaseAnalyticsWithoutAdIdSupport */ = {
			isa = XCSwiftPackageProductDependency;
			package = D762DB0C2CDCA72F001A6927 /* XCRemoteSwiftPackageReference "firebase-ios-sdk" */;
			productName = FirebaseAnalyticsWithoutAdIdSupport;
		};
		D762DB1D2CDCA8D9001A6927 /* FirebaseAppCheck */ = {
			isa = XCSwiftPackageProductDependency;
			package = D762DB0C2CDCA72F001A6927 /* XCRemoteSwiftPackageReference "firebase-ios-sdk" */;
			productName = FirebaseAppCheck;
		};
		D762DB1F2CDCA8D9001A6927 /* FirebaseAppDistribution-Beta */ = {
			isa = XCSwiftPackageProductDependency;
			package = D762DB0C2CDCA72F001A6927 /* XCRemoteSwiftPackageReference "firebase-ios-sdk" */;
			productName = "FirebaseAppDistribution-Beta";
		};
		D762DB212CDCA8D9001A6927 /* FirebaseAuth */ = {
			isa = XCSwiftPackageProductDependency;
			package = D762DB0C2CDCA72F001A6927 /* XCRemoteSwiftPackageReference "firebase-ios-sdk" */;
			productName = FirebaseAuth;
		};
		D762DB232CDCA8D9001A6927 /* FirebaseAuthCombine-Community */ = {
			isa = XCSwiftPackageProductDependency;
			package = D762DB0C2CDCA72F001A6927 /* XCRemoteSwiftPackageReference "firebase-ios-sdk" */;
			productName = "FirebaseAuthCombine-Community";
		};
		D762DB252CDCA8D9001A6927 /* FirebaseCore */ = {
			isa = XCSwiftPackageProductDependency;
			package = D762DB0C2CDCA72F001A6927 /* XCRemoteSwiftPackageReference "firebase-ios-sdk" */;
			productName = FirebaseCore;
		};
		D762DB272CDCA8D9001A6927 /* FirebaseCrashlytics */ = {
			isa = XCSwiftPackageProductDependency;
			package = D762DB0C2CDCA72F001A6927 /* XCRemoteSwiftPackageReference "firebase-ios-sdk" */;
			productName = FirebaseCrashlytics;
		};
		D762DB292CDCA8D9001A6927 /* FirebaseDatabase */ = {
			isa = XCSwiftPackageProductDependency;
			package = D762DB0C2CDCA72F001A6927 /* XCRemoteSwiftPackageReference "firebase-ios-sdk" */;
			productName = FirebaseDatabase;
		};
		D762DB2B2CDCA8D9001A6927 /* FirebaseDynamicLinks */ = {
			isa = XCSwiftPackageProductDependency;
			package = D762DB0C2CDCA72F001A6927 /* XCRemoteSwiftPackageReference "firebase-ios-sdk" */;
			productName = FirebaseDynamicLinks;
		};
		D762DB2D2CDCA8D9001A6927 /* FirebaseFirestore */ = {
			isa = XCSwiftPackageProductDependency;
			package = D762DB0C2CDCA72F001A6927 /* XCRemoteSwiftPackageReference "firebase-ios-sdk" */;
			productName = FirebaseFirestore;
		};
		D762DB2F2CDCA8D9001A6927 /* FirebaseFirestoreCombine-Community */ = {
			isa = XCSwiftPackageProductDependency;
			package = D762DB0C2CDCA72F001A6927 /* XCRemoteSwiftPackageReference "firebase-ios-sdk" */;
			productName = "FirebaseFirestoreCombine-Community";
		};
		D762DB312CDCA8D9001A6927 /* FirebaseFunctions */ = {
			isa = XCSwiftPackageProductDependency;
			package = D762DB0C2CDCA72F001A6927 /* XCRemoteSwiftPackageReference "firebase-ios-sdk" */;
			productName = FirebaseFunctions;
		};
		D762DB332CDCA8D9001A6927 /* FirebaseFunctionsCombine-Community */ = {
			isa = XCSwiftPackageProductDependency;
			package = D762DB0C2CDCA72F001A6927 /* XCRemoteSwiftPackageReference "firebase-ios-sdk" */;
			productName = "FirebaseFunctionsCombine-Community";
		};
		D762DB352CDCA8D9001A6927 /* FirebaseInAppMessaging-Beta */ = {
			isa = XCSwiftPackageProductDependency;
			package = D762DB0C2CDCA72F001A6927 /* XCRemoteSwiftPackageReference "firebase-ios-sdk" */;
			productName = "FirebaseInAppMessaging-Beta";
		};
		D762DB372CDCA8D9001A6927 /* FirebaseInstallations */ = {
			isa = XCSwiftPackageProductDependency;
			package = D762DB0C2CDCA72F001A6927 /* XCRemoteSwiftPackageReference "firebase-ios-sdk" */;
			productName = FirebaseInstallations;
		};
		D762DB392CDCA8D9001A6927 /* FirebaseMLModelDownloader */ = {
			isa = XCSwiftPackageProductDependency;
			package = D762DB0C2CDCA72F001A6927 /* XCRemoteSwiftPackageReference "firebase-ios-sdk" */;
			productName = FirebaseMLModelDownloader;
		};
		D762DB3B2CDCA8D9001A6927 /* FirebaseMessaging */ = {
			isa = XCSwiftPackageProductDependency;
			package = D762DB0C2CDCA72F001A6927 /* XCRemoteSwiftPackageReference "firebase-ios-sdk" */;
			productName = FirebaseMessaging;
		};
		D762DB3D2CDCA8D9001A6927 /* FirebasePerformance */ = {
			isa = XCSwiftPackageProductDependency;
			package = D762DB0C2CDCA72F001A6927 /* XCRemoteSwiftPackageReference "firebase-ios-sdk" */;
			productName = FirebasePerformance;
		};
		D762DB3F2CDCA8D9001A6927 /* FirebaseRemoteConfig */ = {
			isa = XCSwiftPackageProductDependency;
			package = D762DB0C2CDCA72F001A6927 /* XCRemoteSwiftPackageReference "firebase-ios-sdk" */;
			productName = FirebaseRemoteConfig;
		};
		D762DB412CDCA8D9001A6927 /* FirebaseStorage */ = {
			isa = XCSwiftPackageProductDependency;
			package = D762DB0C2CDCA72F001A6927 /* XCRemoteSwiftPackageReference "firebase-ios-sdk" */;
			productName = FirebaseStorage;
		};
		D762DB432CDCA8D9001A6927 /* FirebaseStorageCombine-Community */ = {
			isa = XCSwiftPackageProductDependency;
			package = D762DB0C2CDCA72F001A6927 /* XCRemoteSwiftPackageReference "firebase-ios-sdk" */;
			productName = "FirebaseStorageCombine-Community";
		};
		D762DB452CDCA8D9001A6927 /* FirebaseVertexAI */ = {
			isa = XCSwiftPackageProductDependency;
			package = D762DB0C2CDCA72F001A6927 /* XCRemoteSwiftPackageReference "firebase-ios-sdk" */;
			productName = FirebaseVertexAI;
		};
/* End XCSwiftPackageProductDependency section */
	};
	rootObject = D762DA912CDCA52A001A6927 /* Project object */;
}
